{
  "name": "bex-visualize-runtime",
  "lockfileVersion": 3,
  "requires": true,
  "packages": {
    "": {
      "name": "bex-visualize-runtime",
      "dependencies": {
        "lucide": "0.468.0"
      }
    },
    "node_modules/lucide": {
      "version": "0.468.0",
      "resolved": "https://registry.npmjs.org/lucide/-/lucide-0.468.0.tgz",
      "integrity": "sha512-UFbgwji/ZnAV7iTTE4jujyTV7J95AILKyATDUrqOJrMcUGfXvGjw3c1mcuHZUX2oJfkrAGU9KoxkrLQk2jjtiA==",
      "license": "ISC"
    }
  }
}
