// !$*UTF8*$!
{
	archiveVersion = 1;
	classes = {};
	objectVersion = 56;
	objects = {

/* Begin PBXBuildFile section */
        D10000000000000000000001 /* AgentPushCenter.swift in Sources */ = {isa = PBXBuildFile; fileRef = D10000000000000000000002 /* AgentPushCenter.swift */; };
        D10000000000000000000004 /* AgentPushCenter+ActivityLifecycle.swift in Sources */ = {isa = PBXBuildFile; fileRef = D10000000000000000000005 /* AgentPushCenter+ActivityLifecycle.swift */; };
        D10000000000000000000006 /* AgentPushCenter+Routing.swift in Sources */ = {isa = PBXBuildFile; fileRef = D10000000000000000000007 /* AgentPushCenter+Routing.swift */; };
        D10000000000000000000008 /* AgentPushCenter+Notifications.swift in Sources */ = {isa = PBXBuildFile; fileRef = D10000000000000000000009 /* AgentPushCenter+Notifications.swift */; };
        B55D00000000000000000001 /* DraftRevision.swift in Sources */ = {isa = PBXBuildFile; fileRef = B55D00000000000000000002; };
        D55D00000000000000000001 /* DeviceVideoDecoder.swift in Sources */ = {isa = PBXBuildFile; fileRef = D55D00000000000000000002 /* DeviceVideoDecoder.swift */; };
        D55D00000000000000000004 /* DeviceVideoDecoderSupport.swift in Sources */ = {isa = PBXBuildFile; fileRef = D55D00000000000000000003 /* DeviceVideoDecoderSupport.swift */; };
        D55D00000000000000000006 /* DeviceScreen.swift in Sources */ = {isa = PBXBuildFile; fileRef = D55D00000000000000000005 /* DeviceScreen.swift */; };
        D55D00000000000000000008 /* DeviceScreenContent.swift in Sources */ = {isa = PBXBuildFile; fileRef = D55D00000000000000000007 /* DeviceScreenContent.swift */; };
        D55D0000000000000000000A /* DeviceSessionControls.swift in Sources */ = {isa = PBXBuildFile; fileRef = D55D00000000000000000009 /* DeviceSessionControls.swift */; };
        D55D0000000000000000000C /* DeviceLiveFramePanel.swift in Sources */ = {isa = PBXBuildFile; fileRef = D55D0000000000000000000B /* DeviceLiveFramePanel.swift */; };
        D55D0000000000000000000E /* DeviceRecordingViews.swift in Sources */ = {isa = PBXBuildFile; fileRef = D55D0000000000000000000D /* DeviceRecordingViews.swift */; };
        D55D00000000000000000010 /* DeviceScreenSupport.swift in Sources */ = {isa = PBXBuildFile; fileRef = D55D0000000000000000000F /* DeviceScreenSupport.swift */; };
        D36E8C890D10474EB83C8D37 /* WorkspaceScreen.swift in Sources */ = {isa = PBXBuildFile; fileRef = F1E85101D97E4E84A7B33C96 /* WorkspaceScreen.swift */; };
		E50000000000000000000001 /* PrivacyInfo.xcprivacy in Resources */ = {isa = PBXBuildFile; fileRef = E50000000000000000000002 /* PrivacyInfo.xcprivacy */; };
		E50000000000000000000003 /* RemoteAgentInput.caf in Resources */ = {isa = PBXBuildFile; fileRef = E50000000000000000000004 /* RemoteAgentInput.caf */; };
		E50000000000000000000005 /* RemoteAgentCompletion.caf in Resources */ = {isa = PBXBuildFile; fileRef = E50000000000000000000006 /* RemoteAgentCompletion.caf */; };
        C30000000000000000000001 /* SwiftTerm in Frameworks */ = {isa = PBXBuildFile; productRef = C30000000000000000000002; };
        C30000000000000000000003 /* TerminalScreen.swift in Sources */ = {isa = PBXBuildFile; fileRef = C30000000000000000000004; };
		A10000000000000000000007 /* Assets.xcassets in Resources */ = {isa = PBXBuildFile; fileRef = A10000000000000000000018 /* Assets.xcassets */; };
		A10000000000000000000001 /* BexIOSApp.swift in Sources */ = {isa = PBXBuildFile; fileRef = A10000000000000000000011 /* BexIOSApp.swift */; };
		B00000000000000000000021 /* PlatformNotifications.swift in Sources */ = {isa = PBXBuildFile; fileRef = B00000000000000000000001 /* PlatformNotifications.swift */; };
		B00000000000000000000022 /* PlatformSharing.swift in Sources */ = {isa = PBXBuildFile; fileRef = B00000000000000000000002 /* PlatformSharing.swift */; };
		B00000000000000000000023 /* PlatformPersistence.swift in Sources */ = {isa = PBXBuildFile; fileRef = B00000000000000000000003 /* PlatformPersistence.swift */; };
		B00000000000000000000024 /* DictationRecorder.swift in Sources */ = {isa = PBXBuildFile; fileRef = B00000000000000000000004 /* DictationRecorder.swift */; };
		B00000000000000000000025 /* PlatformUI.swift in Sources */ = {isa = PBXBuildFile; fileRef = B00000000000000000000005 /* PlatformUI.swift */; };
		B00000000000000000000026 /* AppViewModelRouting.swift in Sources */ = {isa = PBXBuildFile; fileRef = B00000000000000000000006 /* AppViewModelRouting.swift */; };
		B00000000000000000000027 /* AppViewModelConnection.swift in Sources */ = {isa = PBXBuildFile; fileRef = B00000000000000000000007 /* AppViewModelConnection.swift */; };
		B00000000000000000000028 /* AppViewModelActions.swift in Sources */ = {isa = PBXBuildFile; fileRef = B00000000000000000000008 /* AppViewModelActions.swift */; };
		B00000000000000000000029 /* AppViewModelObservation.swift in Sources */ = {isa = PBXBuildFile; fileRef = B00000000000000000000009 /* AppViewModelObservation.swift */; };
		B0000000000000000000002A /* SettingsControls.swift in Sources */ = {isa = PBXBuildFile; fileRef = B0000000000000000000000A /* SettingsControls.swift */; };
		B0000000000000000000002B /* RemoteFolderPicker.swift in Sources */ = {isa = PBXBuildFile; fileRef = B0000000000000000000000B /* RemoteFolderPicker.swift */; };
		B0000000000000000000002C /* SettingsAccounts.swift in Sources */ = {isa = PBXBuildFile; fileRef = B0000000000000000000000C /* SettingsAccounts.swift */; };
		B0000000000000000000002D /* AppViewModelEnvironment.swift in Sources */ = {isa = PBXBuildFile; fileRef = B0000000000000000000000D /* AppViewModelEnvironment.swift */; };
		B0000000000000000000002E /* SettingsAuxiliaryPages.swift in Sources */ = {isa = PBXBuildFile; fileRef = B0000000000000000000000E /* SettingsAuxiliaryPages.swift */; };
		A10000000000000000000003 /* QRCodeCaptureViewController.swift in Sources */ = {isa = PBXBuildFile; fileRef = A10000000000000000000013 /* QRCodeCaptureViewController.swift */; };
		A10000000000000000000006 /* SwiftUIRoot.swift in Sources */ = {isa = PBXBuildFile; fileRef = A10000000000000000000017 /* SwiftUIRoot.swift */; };
		FD93084AF1873DEF927C9EDC /* AppViewModel.swift in Sources */ = {isa = PBXBuildFile; fileRef = 1DBDDA3779489C57B929936E /* AppViewModel.swift */; };
		FCD15282ED580E15F2FE6024 /* ConversationMarkdown.swift in Sources */ = {isa = PBXBuildFile; fileRef = D074DC0F6B272156A6A39ED4 /* ConversationMarkdown.swift */; };
		1AAD56B60A484823F27FC70F /* WorkspaceViews.swift in Sources */ = {isa = PBXBuildFile; fileRef = CBC18567B9147FCC8D6134EF /* WorkspaceViews.swift */; };
		B5EDE65C803E4BD5CE028DE5 /* AppPresentationData.swift in Sources */ = {isa = PBXBuildFile; fileRef = 2036041A039EEBAA78D55844 /* AppPresentationData.swift */; };
		0FF3408BDCB920A7C06397A8 /* WorktreeSettings.swift in Sources */ = {isa = PBXBuildFile; fileRef = 25A49FEF4CFAB482E889EBDF /* WorktreeSettings.swift */; };
		C0DE00000000000000000202 /* AccountViews.swift in Sources */ = {isa = PBXBuildFile; fileRef = C0DE00000000000000000203 /* AccountViews.swift */; };
		C0DE00000000000000000103 /* AppViewActions.swift in Sources */ = {isa = PBXBuildFile; fileRef = C0DE00000000000000000003 /* AppViewActions.swift */; };
		CDA669EB182B4A27B3460556 /* WorkspaceFileEditor.swift in Sources */ = {isa = PBXBuildFile; fileRef = 1F3F1E491E3943D59F2A2CB5 /* WorkspaceFileEditor.swift */; };
		F300000000000000000000012 /* dmsans_regular.ttf in Resources */ = {isa = PBXBuildFile; fileRef = F300000000000000000000011; };
		F300000000000000000000022 /* dmsans_medium.ttf in Resources */ = {isa = PBXBuildFile; fileRef = F300000000000000000000021; };
		F300000000000000000000032 /* dmsans_bold.ttf in Resources */ = {isa = PBXBuildFile; fileRef = F300000000000000000000031; };
		5A3E894D97C57A8F85989C07 /* AgentsSheet.swift in Sources */ = {isa = PBXBuildFile; fileRef = 5A58F01C20F0C4F7F65C4038 /* AgentsSheet.swift */; };
		5A3A4D1FF0D4C41919194AA1 /* Composer.swift in Sources */ = {isa = PBXBuildFile; fileRef = 5A43E94410B74AEC7B66BDFA /* Composer.swift */; };
		5A41CFCC1F2C84D0C851A8EF /* ComposerAttachments.swift in Sources */ = {isa = PBXBuildFile; fileRef = 5A38732823EFE22DE518E952 /* ComposerAttachments.swift */; };
		5A5E8C4F9629E9D00DF994D9 /* FeedRows.swift in Sources */ = {isa = PBXBuildFile; fileRef = 5A3A7A464C54210A4FAD3E97 /* FeedRows.swift */; };
		5A6701088574D428E35D0130 /* ImageSizing.swift in Sources */ = {isa = PBXBuildFile; fileRef = 5AEFDBE4DCFF9C89A17F5B83 /* ImageSizing.swift */; };
		5A3464748841BD1FE829AF2D /* NewTaskFlow.swift in Sources */ = {isa = PBXBuildFile; fileRef = 5AB4B825955B4BFAEDEF1AF2 /* NewTaskFlow.swift */; };
		5A7E2C1D4B8F9A0E6D3C5B21 /* BranchPicker.swift in Sources */ = {isa = PBXBuildFile; fileRef = 5A7E2C1D4B8F9A0E6D3C5B22 /* BranchPicker.swift */; };
		5AB24AE25FA5E3DC443AD077 /* PairingScreens.swift in Sources */ = {isa = PBXBuildFile; fileRef = 5AE726FF210331264B7D2D85 /* PairingScreens.swift */; };
		5A3E7F900DE1DD630BB482D0 /* QueueSheet.swift in Sources */ = {isa = PBXBuildFile; fileRef = 5AEEACADF6F84DFEDB2043CB /* QueueSheet.swift */; };
		5AAAD5B74E2B6EA71FB97E12 /* RequestCards.swift in Sources */ = {isa = PBXBuildFile; fileRef = 5A5C8EB7A315858408A45DD4 /* RequestCards.swift */; };
		5AA51108FD3338DF7260477D /* ReviewScreen.swift in Sources */ = {isa = PBXBuildFile; fileRef = 5A71C55BC1248CBB94BBCA63 /* ReviewScreen.swift */; };
		5AC745F7F218DE3C213121D1 /* SettingsScreen.swift in Sources */ = {isa = PBXBuildFile; fileRef = 5A7F9C1E57CCEFA4413DFD7C /* SettingsScreen.swift */; };
		5AC745F7F218DE3C213121D2 /* UsageScreen.swift in Sources */ = {isa = PBXBuildFile; fileRef = 5A7F9C1E57CCEFA4413DFD7D /* UsageScreen.swift */; };
		5A93A711C7F8F640D6399526 /* SetupCard.swift in Sources */ = {isa = PBXBuildFile; fileRef = 5A84E28D9598398CE73A1B57 /* SetupCard.swift */; };
		5A8D5783B4484B7A52BBFE4C /* SnoozeSheet.swift in Sources */ = {isa = PBXBuildFile; fileRef = 5A70A17BFA716640470D90FE /* SnoozeSheet.swift */; };
		5A1A2B3C4D5E6F7081920A01 /* ThreadSwipeActions.swift in Sources */ = {isa = PBXBuildFile; fileRef = 5A1A2B3C4D5E6F7081920B01 /* ThreadSwipeActions.swift */; };
		5A1A2B3C4D5E6F7081920A02 /* TerminalTools.swift in Sources */ = {isa = PBXBuildFile; fileRef = 5A1A2B3C4D5E6F7081920B02 /* TerminalTools.swift */; };
		5A1A2B3C4D5E6F7081920A03 /* ThreadArrangementSheet.swift in Sources */ = {isa = PBXBuildFile; fileRef = 5A1A2B3C4D5E6F7081920B03 /* ThreadArrangementSheet.swift */; };
		5A1A2B3C4D5E6F7081920A04 /* ConversationMedia.swift in Sources */ = {isa = PBXBuildFile; fileRef = 5A1A2B3C4D5E6F7081920B04 /* ConversationMedia.swift */; };
		5A35A0019BCC3823CD268EF0 /* Theme.swift in Sources */ = {isa = PBXBuildFile; fileRef = 5A881453AC5C0212F4F31321 /* Theme.swift */; };
		5A65B52A000421AD81CA9DF8 /* ThreadListRows.swift in Sources */ = {isa = PBXBuildFile; fileRef = 5A6E6B0F1228E81D1E98D80F /* ThreadListRows.swift */; };
		5AB6A7AE322325E65DDA2487 /* ThreadListScreen.swift in Sources */ = {isa = PBXBuildFile; fileRef = 5A7CF6141551F258EB69E54C /* ThreadListScreen.swift */; };
		5A4C365DEB59BCFAE2F44CB6 /* ThreadPresentation.swift in Sources */ = {isa = PBXBuildFile; fileRef = 5ADC0C2661897D759FA63D62 /* ThreadPresentation.swift */; };
		5A19A0BB9DE49CE354D481B7 /* ThreadScreen.swift in Sources */ = {isa = PBXBuildFile; fileRef = 5AD2FB764B8CACFD3D675D52 /* ThreadScreen.swift */; };
		5AD0731BC60260A55BE547A9 /* ThreadSettingsSheet.swift in Sources */ = {isa = PBXBuildFile; fileRef = 5A8798F151C7F526417EFF38 /* ThreadSettingsSheet.swift */; };
		5A46B2D51AE880BCD813F5AC /* WorkLogRows.swift in Sources */ = {isa = PBXBuildFile; fileRef = 5A414901BB8690A34C0E1505 /* WorkLogRows.swift */; };
		5A343CB63EE630AA2A269B10 /* WorkingControl.swift in Sources */ = {isa = PBXBuildFile; fileRef = 5A5221674666158F3BE13321 /* WorkingControl.swift */; };
		5A315EF005582AC5FFD52EE4 /* ArchivedScreen.swift in Sources */ = {isa = PBXBuildFile; fileRef = 5A567AA7E0E932EC93BD7FCF /* ArchivedScreen.swift */; };
		5A78A6A3E6A09CE733F83B47 /* ComposerMenu.swift in Sources */ = {isa = PBXBuildFile; fileRef = 5A71C19295E5E80AA6E3D427 /* ComposerMenu.swift */; };
		5AFC0570AD7136B42551A29F /* FeedDividers.swift in Sources */ = {isa = PBXBuildFile; fileRef = 5A22A9A7CFE0FC491FA1F865 /* FeedDividers.swift */; };
		5A75EFF73501B288889439CD /* ThreadListHeader.swift in Sources */ = {isa = PBXBuildFile; fileRef = 5A0CD55A0BBF9DC36773FC9A /* ThreadListHeader.swift */; };
		A71000000000000000000015 = {isa = PBXBuildFile; fileRef = A71000000000000000000001; };
		A71000000000000000000016 = {isa = PBXBuildFile; fileRef = A71000000000000000000002; };
		A71000000000000000000017 = {isa = PBXBuildFile; fileRef = A71000000000000000000003; };
		A71000000000000000000018 = {isa = PBXBuildFile; fileRef = A71000000000000000000001; };
		A71000000000000000000019 = {isa = PBXBuildFile; fileRef = A71000000000000000000003; };
		A7100000000000000000001A = {isa = PBXBuildFile; fileRef = A71000000000000000000004; };
		A7100000000000000000001B = {isa = PBXBuildFile; fileRef = A71000000000000000000005; };
		A7100000000000000000001C = {isa = PBXBuildFile; fileRef = A71000000000000000000008; };
		A7100000000000000000001D = {isa = PBXBuildFile; fileRef = A7100000000000000000000A; settings = {ATTRIBUTES = (RemoveHeadersOnCopy, ); }; };
		D55000000000000000000001 /* ShareViewController.swift in Sources */ = {isa = PBXBuildFile; fileRef = D55000000000000000000010 /* ShareViewController.swift */; };
		D55000000000000000000002 /* RemoteAgentShareExtension.appex in Embed App Extensions */ = {isa = PBXBuildFile; fileRef = D55000000000000000000013 /* RemoteAgentShareExtension.appex */; settings = {ATTRIBUTES = (RemoveHeadersOnCopy, ); }; };
/* End PBXBuildFile section */

/* Begin PBXCopyFilesBuildPhase section */
		A7100000000000000000002F /* Embed Activity Extension */ = {isa = PBXCopyFilesBuildPhase; buildActionMask = 2147483647; dstPath = ""; dstSubfolderSpec = 13; files = (A7100000000000000000001D, ); name = "Embed Activity Extension"; runOnlyForDeploymentPostprocessing = 0; };
		D55000000000000000000033 /* Embed App Extensions */ = {
			isa = PBXCopyFilesBuildPhase;
			buildActionMask = 2147483647;
			dstPath = "";
			dstSubfolderSpec = 13;
			files = (D55000000000000000000002 /* RemoteAgentShareExtension.appex in Embed App Extensions */, );
			name = "Embed App Extensions";
			runOnlyForDeploymentPostprocessing = 0;
		};
/* End PBXCopyFilesBuildPhase section */

/* Begin PBXFileReference section */
        D10000000000000000000003 /* RemoteAgent.entitlements */ = {isa = PBXFileReference; lastKnownFileType = text.plist.entitlements; path = RemoteAgent.entitlements; sourceTree = "<group>"; };
        D10000000000000000000002 /* AgentPushCenter.swift */ = {isa = PBXFileReference; lastKnownFileType = sourcecode.swift; path = AgentPushCenter.swift; sourceTree = "<group>"; };
        D10000000000000000000005 /* AgentPushCenter+ActivityLifecycle.swift */ = {isa = PBXFileReference; lastKnownFileType = sourcecode.swift; path = "AgentPushCenter+ActivityLifecycle.swift"; sourceTree = "<group>"; };
        D10000000000000000000007 /* AgentPushCenter+Routing.swift */ = {isa = PBXFileReference; lastKnownFileType = sourcecode.swift; path = "AgentPushCenter+Routing.swift"; sourceTree = "<group>"; };
        D10000000000000000000009 /* AgentPushCenter+Notifications.swift */ = {isa = PBXFileReference; lastKnownFileType = sourcecode.swift; path = "AgentPushCenter+Notifications.swift"; sourceTree = "<group>"; };
        B55D00000000000000000002 /* DraftRevision.swift */ = {isa = PBXFileReference; lastKnownFileType = sourcecode.swift; path = DraftRevision.swift; sourceTree = "<group>"; };
        D55D00000000000000000002 /* DeviceVideoDecoder.swift */ = {isa = PBXFileReference; lastKnownFileType = sourcecode.swift; path = DeviceVideoDecoder.swift; sourceTree = "<group>"; };
        D55D00000000000000000003 /* DeviceVideoDecoderSupport.swift */ = {isa = PBXFileReference; lastKnownFileType = sourcecode.swift; path = DeviceVideoDecoderSupport.swift; sourceTree = "<group>"; };
        D55D00000000000000000005 /* DeviceScreen.swift */ = {isa = PBXFileReference; lastKnownFileType = sourcecode.swift; path = DeviceScreen.swift; sourceTree = "<group>"; };
        D55D00000000000000000007 /* DeviceScreenContent.swift */ = {isa = PBXFileReference; lastKnownFileType = sourcecode.swift; path = DeviceScreenContent.swift; sourceTree = "<group>"; };
        D55D00000000000000000009 /* DeviceSessionControls.swift */ = {isa = PBXFileReference; lastKnownFileType = sourcecode.swift; path = DeviceSessionControls.swift; sourceTree = "<group>"; };
        D55D0000000000000000000B /* DeviceLiveFramePanel.swift */ = {isa = PBXFileReference; lastKnownFileType = sourcecode.swift; path = DeviceLiveFramePanel.swift; sourceTree = "<group>"; };
        D55D0000000000000000000D /* DeviceRecordingViews.swift */ = {isa = PBXFileReference; lastKnownFileType = sourcecode.swift; path = DeviceRecordingViews.swift; sourceTree = "<group>"; };
        D55D0000000000000000000F /* DeviceScreenSupport.swift */ = {isa = PBXFileReference; lastKnownFileType = sourcecode.swift; path = DeviceScreenSupport.swift; sourceTree = "<group>"; };
        F1E85101D97E4E84A7B33C96 /* WorkspaceScreen.swift */ = {isa = PBXFileReference; lastKnownFileType = sourcecode.swift; path = WorkspaceScreen.swift; sourceTree = "<group>"; };
		E50000000000000000000002 /* PrivacyInfo.xcprivacy */ = {isa = PBXFileReference; lastKnownFileType = text.xml; path = PrivacyInfo.xcprivacy; sourceTree = "<group>"; };
		E50000000000000000000004 /* RemoteAgentInput.caf */ = {isa = PBXFileReference; lastKnownFileType = audio.caf; path = RemoteAgentInput.caf; sourceTree = "<group>"; };
		E50000000000000000000006 /* RemoteAgentCompletion.caf */ = {isa = PBXFileReference; lastKnownFileType = audio.caf; path = RemoteAgentCompletion.caf; sourceTree = "<group>"; };
        C30000000000000000000004 /* TerminalScreen.swift */ = {isa = PBXFileReference; lastKnownFileType = sourcecode.swift; path = TerminalScreen.swift; sourceTree = "<group>"; };
		A10000000000000000000018 /* Assets.xcassets */ = {isa = PBXFileReference; lastKnownFileType = folder.assetcatalog; path = Assets.xcassets; sourceTree = "<group>"; };
		A10000000000000000000010 /* Bex.app */ = {isa = PBXFileReference; explicitFileType = wrapper.application; includeInIndex = 0; path = Bex.app; sourceTree = BUILT_PRODUCTS_DIR; };
		A10000000000000000000011 /* BexIOSApp.swift */ = {isa = PBXFileReference; lastKnownFileType = sourcecode.swift; path = BexIOSApp.swift; sourceTree = "<group>"; };
		B00000000000000000000001 /* PlatformNotifications.swift */ = {isa = PBXFileReference; lastKnownFileType = sourcecode.swift; path = PlatformNotifications.swift; sourceTree = "<group>"; };
		B00000000000000000000002 /* PlatformSharing.swift */ = {isa = PBXFileReference; lastKnownFileType = sourcecode.swift; path = PlatformSharing.swift; sourceTree = "<group>"; };
		B00000000000000000000003 /* PlatformPersistence.swift */ = {isa = PBXFileReference; lastKnownFileType = sourcecode.swift; path = PlatformPersistence.swift; sourceTree = "<group>"; };
		B00000000000000000000004 /* DictationRecorder.swift */ = {isa = PBXFileReference; lastKnownFileType = sourcecode.swift; path = DictationRecorder.swift; sourceTree = "<group>"; };
		B00000000000000000000005 /* PlatformUI.swift */ = {isa = PBXFileReference; lastKnownFileType = sourcecode.swift; path = PlatformUI.swift; sourceTree = "<group>"; };
		A10000000000000000000013 /* QRCodeCaptureViewController.swift */ = {isa = PBXFileReference; lastKnownFileType = sourcecode.swift; path = QRCodeCaptureViewController.swift; sourceTree = "<group>"; };
		A10000000000000000000016 /* Info.plist */ = {isa = PBXFileReference; lastKnownFileType = text.plist.xml; path = Info.plist; sourceTree = "<group>"; };
		A10000000000000000000017 /* SwiftUIRoot.swift */ = {isa = PBXFileReference; lastKnownFileType = sourcecode.swift; path = SwiftUIRoot.swift; sourceTree = "<group>"; };
		1DBDDA3779489C57B929936E /* AppViewModel.swift */ = {isa = PBXFileReference; lastKnownFileType = sourcecode.swift; path = AppViewModel.swift; sourceTree = "<group>"; };
		B00000000000000000000006 /* AppViewModelRouting.swift */ = {isa = PBXFileReference; lastKnownFileType = sourcecode.swift; path = AppViewModelRouting.swift; sourceTree = "<group>"; };
		B00000000000000000000007 /* AppViewModelConnection.swift */ = {isa = PBXFileReference; lastKnownFileType = sourcecode.swift; path = AppViewModelConnection.swift; sourceTree = "<group>"; };
		B00000000000000000000008 /* AppViewModelActions.swift */ = {isa = PBXFileReference; lastKnownFileType = sourcecode.swift; path = AppViewModelActions.swift; sourceTree = "<group>"; };
		B00000000000000000000009 /* AppViewModelObservation.swift */ = {isa = PBXFileReference; lastKnownFileType = sourcecode.swift; path = AppViewModelObservation.swift; sourceTree = "<group>"; };
		D074DC0F6B272156A6A39ED4 /* ConversationMarkdown.swift */ = {isa = PBXFileReference; lastKnownFileType = sourcecode.swift; path = ConversationMarkdown.swift; sourceTree = "<group>"; };
		CBC18567B9147FCC8D6134EF /* WorkspaceViews.swift */ = {isa = PBXFileReference; lastKnownFileType = sourcecode.swift; path = WorkspaceViews.swift; sourceTree = "<group>"; };
		2036041A039EEBAA78D55844 /* AppPresentationData.swift */ = {isa = PBXFileReference; lastKnownFileType = sourcecode.swift; path = AppPresentationData.swift; sourceTree = "<group>"; };
		25A49FEF4CFAB482E889EBDF /* WorktreeSettings.swift */ = {isa = PBXFileReference; lastKnownFileType = sourcecode.swift; path = WorktreeSettings.swift; sourceTree = "<group>"; };
		C0DE00000000000000000203 /* AccountViews.swift */ = {isa = PBXFileReference; lastKnownFileType = sourcecode.swift; path = AccountViews.swift; sourceTree = "<group>"; };
		C0DE00000000000000000003 /* AppViewActions.swift */ = {isa = PBXFileReference; lastKnownFileType = sourcecode.swift; path = AppViewActions.swift; sourceTree = "<group>"; };
		1F3F1E491E3943D59F2A2CB5 /* WorkspaceFileEditor.swift */ = {isa = PBXFileReference; lastKnownFileType = sourcecode.swift; path = WorkspaceFileEditor.swift; sourceTree = "<group>"; };
		F300000000000000000000011 /* dmsans_regular.ttf */ = {isa = PBXFileReference; lastKnownFileType = file; path = "../native-res/font/dmsans_regular.ttf"; sourceTree = SOURCE_ROOT; };
		F300000000000000000000021 /* dmsans_medium.ttf */ = {isa = PBXFileReference; lastKnownFileType = file; path = "../native-res/font/dmsans_medium.ttf"; sourceTree = SOURCE_ROOT; };
		F300000000000000000000031 /* dmsans_bold.ttf */ = {isa = PBXFileReference; lastKnownFileType = file; path = "../native-res/font/dmsans_bold.ttf"; sourceTree = SOURCE_ROOT; };
		5A58F01C20F0C4F7F65C4038 /* AgentsSheet.swift */ = {isa = PBXFileReference; lastKnownFileType = sourcecode.swift; path = AgentsSheet.swift; sourceTree = "<group>"; };
		5A43E94410B74AEC7B66BDFA /* Composer.swift */ = {isa = PBXFileReference; lastKnownFileType = sourcecode.swift; path = Composer.swift; sourceTree = "<group>"; };
		5A38732823EFE22DE518E952 /* ComposerAttachments.swift */ = {isa = PBXFileReference; lastKnownFileType = sourcecode.swift; path = ComposerAttachments.swift; sourceTree = "<group>"; };
		5A3A7A464C54210A4FAD3E97 /* FeedRows.swift */ = {isa = PBXFileReference; lastKnownFileType = sourcecode.swift; path = FeedRows.swift; sourceTree = "<group>"; };
		5AEFDBE4DCFF9C89A17F5B83 /* ImageSizing.swift */ = {isa = PBXFileReference; lastKnownFileType = sourcecode.swift; path = ImageSizing.swift; sourceTree = "<group>"; };
		5AB4B825955B4BFAEDEF1AF2 /* NewTaskFlow.swift */ = {isa = PBXFileReference; lastKnownFileType = sourcecode.swift; path = NewTaskFlow.swift; sourceTree = "<group>"; };
		5A7E2C1D4B8F9A0E6D3C5B22 /* BranchPicker.swift */ = {isa = PBXFileReference; lastKnownFileType = sourcecode.swift; path = BranchPicker.swift; sourceTree = "<group>"; };
		5AE726FF210331264B7D2D85 /* PairingScreens.swift */ = {isa = PBXFileReference; lastKnownFileType = sourcecode.swift; path = PairingScreens.swift; sourceTree = "<group>"; };
		5AEEACADF6F84DFEDB2043CB /* QueueSheet.swift */ = {isa = PBXFileReference; lastKnownFileType = sourcecode.swift; path = QueueSheet.swift; sourceTree = "<group>"; };
		5A5C8EB7A315858408A45DD4 /* RequestCards.swift */ = {isa = PBXFileReference; lastKnownFileType = sourcecode.swift; path = RequestCards.swift; sourceTree = "<group>"; };
		5A71C55BC1248CBB94BBCA63 /* ReviewScreen.swift */ = {isa = PBXFileReference; lastKnownFileType = sourcecode.swift; path = ReviewScreen.swift; sourceTree = "<group>"; };
		5A7F9C1E57CCEFA4413DFD7C /* SettingsScreen.swift */ = {isa = PBXFileReference; lastKnownFileType = sourcecode.swift; path = SettingsScreen.swift; sourceTree = "<group>"; };
		B0000000000000000000000A /* SettingsControls.swift */ = {isa = PBXFileReference; lastKnownFileType = sourcecode.swift; path = SettingsControls.swift; sourceTree = "<group>"; };
		B0000000000000000000000B /* RemoteFolderPicker.swift */ = {isa = PBXFileReference; lastKnownFileType = sourcecode.swift; path = RemoteFolderPicker.swift; sourceTree = "<group>"; };
		B0000000000000000000000C /* SettingsAccounts.swift */ = {isa = PBXFileReference; lastKnownFileType = sourcecode.swift; path = SettingsAccounts.swift; sourceTree = "<group>"; };
		B0000000000000000000000D /* AppViewModelEnvironment.swift */ = {isa = PBXFileReference; lastKnownFileType = sourcecode.swift; path = AppViewModelEnvironment.swift; sourceTree = "<group>"; };
		B0000000000000000000000E /* SettingsAuxiliaryPages.swift */ = {isa = PBXFileReference; lastKnownFileType = sourcecode.swift; path = SettingsAuxiliaryPages.swift; sourceTree = "<group>"; };
		5A7F9C1E57CCEFA4413DFD7D /* UsageScreen.swift */ = {isa = PBXFileReference; lastKnownFileType = sourcecode.swift; path = UsageScreen.swift; sourceTree = "<group>"; };
		5A84E28D9598398CE73A1B57 /* SetupCard.swift */ = {isa = PBXFileReference; lastKnownFileType = sourcecode.swift; path = SetupCard.swift; sourceTree = "<group>"; };
		5A70A17BFA716640470D90FE /* SnoozeSheet.swift */ = {isa = PBXFileReference; lastKnownFileType = sourcecode.swift; path = SnoozeSheet.swift; sourceTree = "<group>"; };
		5A1A2B3C4D5E6F7081920B01 /* ThreadSwipeActions.swift */ = {isa = PBXFileReference; lastKnownFileType = sourcecode.swift; path = ThreadSwipeActions.swift; sourceTree = "<group>"; };
		5A1A2B3C4D5E6F7081920B02 /* TerminalTools.swift */ = {isa = PBXFileReference; lastKnownFileType = sourcecode.swift; path = TerminalTools.swift; sourceTree = "<group>"; };
		5A1A2B3C4D5E6F7081920B03 /* ThreadArrangementSheet.swift */ = {isa = PBXFileReference; lastKnownFileType = sourcecode.swift; path = ThreadArrangementSheet.swift; sourceTree = "<group>"; };
		5A1A2B3C4D5E6F7081920B04 /* ConversationMedia.swift */ = {isa = PBXFileReference; lastKnownFileType = sourcecode.swift; path = ConversationMedia.swift; sourceTree = "<group>"; };
		5A881453AC5C0212F4F31321 /* Theme.swift */ = {isa = PBXFileReference; lastKnownFileType = sourcecode.swift; path = Theme.swift; sourceTree = "<group>"; };
		5A6E6B0F1228E81D1E98D80F /* ThreadListRows.swift */ = {isa = PBXFileReference; lastKnownFileType = sourcecode.swift; path = ThreadListRows.swift; sourceTree = "<group>"; };
		5A7CF6141551F258EB69E54C /* ThreadListScreen.swift */ = {isa = PBXFileReference; lastKnownFileType = sourcecode.swift; path = ThreadListScreen.swift; sourceTree = "<group>"; };
		5ADC0C2661897D759FA63D62 /* ThreadPresentation.swift */ = {isa = PBXFileReference; lastKnownFileType = sourcecode.swift; path = ThreadPresentation.swift; sourceTree = "<group>"; };
		5AD2FB764B8CACFD3D675D52 /* ThreadScreen.swift */ = {isa = PBXFileReference; lastKnownFileType = sourcecode.swift; path = ThreadScreen.swift; sourceTree = "<group>"; };
		5A8798F151C7F526417EFF38 /* ThreadSettingsSheet.swift */ = {isa = PBXFileReference; lastKnownFileType = sourcecode.swift; path = ThreadSettingsSheet.swift; sourceTree = "<group>"; };
		5A414901BB8690A34C0E1505 /* WorkLogRows.swift */ = {isa = PBXFileReference; lastKnownFileType = sourcecode.swift; path = WorkLogRows.swift; sourceTree = "<group>"; };
		5A5221674666158F3BE13321 /* WorkingControl.swift */ = {isa = PBXFileReference; lastKnownFileType = sourcecode.swift; path = WorkingControl.swift; sourceTree = "<group>"; };
		5A567AA7E0E932EC93BD7FCF /* ArchivedScreen.swift */ = {isa = PBXFileReference; lastKnownFileType = sourcecode.swift; path = ArchivedScreen.swift; sourceTree = "<group>"; };
		5A71C19295E5E80AA6E3D427 /* ComposerMenu.swift */ = {isa = PBXFileReference; lastKnownFileType = sourcecode.swift; path = ComposerMenu.swift; sourceTree = "<group>"; };
		5A22A9A7CFE0FC491FA1F865 /* FeedDividers.swift */ = {isa = PBXFileReference; lastKnownFileType = sourcecode.swift; path = FeedDividers.swift; sourceTree = "<group>"; };
		5A0CD55A0BBF9DC36773FC9A /* ThreadListHeader.swift */ = {isa = PBXFileReference; lastKnownFileType = sourcecode.swift; path = ThreadListHeader.swift; sourceTree = "<group>"; };
		A71000000000000000000001 /* UsageWidgetData.swift */ = {isa = PBXFileReference; lastKnownFileType = sourcecode.swift; path = "Shared/UsageWidgetData.swift"; sourceTree = SOURCE_ROOT; };
		A71000000000000000000002 /* UsageWidgetPublisher.swift */ = {isa = PBXFileReference; lastKnownFileType = sourcecode.swift; path = "Bex/UsageWidgetPublisher.swift"; sourceTree = SOURCE_ROOT; };
		A71000000000000000000003 /* AgentActivityAttributes.swift */ = {isa = PBXFileReference; lastKnownFileType = sourcecode.swift; path = "Shared/AgentActivityAttributes.swift"; sourceTree = SOURCE_ROOT; };
		A71000000000000000000004 /* SubscriptionUsageWidget.swift */ = {isa = PBXFileReference; lastKnownFileType = sourcecode.swift; path = "ActivityExtension/SubscriptionUsageWidget.swift"; sourceTree = SOURCE_ROOT; };
		A71000000000000000000005 /* AgentActivityWidget.swift */ = {isa = PBXFileReference; lastKnownFileType = sourcecode.swift; path = "ActivityExtension/AgentActivityWidget.swift"; sourceTree = SOURCE_ROOT; };
		A71000000000000000000006 /* Activity Info.plist */ = {isa = PBXFileReference; lastKnownFileType = text.plist.xml; path = "ActivityExtension/Info.plist"; sourceTree = SOURCE_ROOT; };
		A71000000000000000000007 /* ActivityExtension.entitlements */ = {isa = PBXFileReference; lastKnownFileType = text.plist.entitlements; path = "ActivityExtension/ActivityExtension.entitlements"; sourceTree = SOURCE_ROOT; };
		A71000000000000000000008 /* Activity Assets.xcassets */ = {isa = PBXFileReference; lastKnownFileType = folder.assetcatalog; path = "ActivityExtension/Assets.xcassets"; sourceTree = SOURCE_ROOT; };
		A71000000000000000000009 /* RemoteAgent.entitlements */ = {isa = PBXFileReference; lastKnownFileType = text.plist.entitlements; path = "Bex/RemoteAgent.entitlements"; sourceTree = SOURCE_ROOT; };
		A7100000000000000000000A /* AgentActivityExtension.appex */ = {isa = PBXFileReference; explicitFileType = "wrapper.app-extension"; path = AgentActivityExtension.appex; sourceTree = BUILT_PRODUCTS_DIR; };
		D55000000000000000000010 /* ShareViewController.swift */ = {isa = PBXFileReference; lastKnownFileType = sourcecode.swift; path = ShareViewController.swift; sourceTree = "<group>"; };
		D55000000000000000000011 /* Info.plist */ = {isa = PBXFileReference; lastKnownFileType = text.plist.xml; path = Info.plist; sourceTree = "<group>"; };
		D55000000000000000000012 /* ShareExtension.entitlements */ = {isa = PBXFileReference; lastKnownFileType = text.plist.entitlements; path = ShareExtension.entitlements; sourceTree = "<group>"; };
		D55000000000000000000013 /* RemoteAgentShareExtension.appex */ = {isa = PBXFileReference; explicitFileType = wrapper.app-extension; includeInIndex = 0; path = RemoteAgentShareExtension.appex; sourceTree = BUILT_PRODUCTS_DIR; };
/* End PBXFileReference section */

/* Begin PBXFrameworksBuildPhase section */
		A10000000000000000000021 /* Frameworks */ = {
			isa = PBXFrameworksBuildPhase;
			buildActionMask = 2147483647;
			files = (C30000000000000000000001 /* SwiftTerm in Frameworks */, );
			runOnlyForDeploymentPostprocessing = 0;
		};
		A7100000000000000000002B = {isa = PBXFrameworksBuildPhase; buildActionMask = 2147483647; files = (); runOnlyForDeploymentPostprocessing = 0; };
		D55000000000000000000031 /* Share Extension Frameworks */ = {isa = PBXFrameworksBuildPhase; buildActionMask = 2147483647; files = (); runOnlyForDeploymentPostprocessing = 0; };
/* End PBXFrameworksBuildPhase section */

/* Begin PBXGroup section */
		A10000000000000000000030 = {
			isa = PBXGroup;
			children = (
				A10000000000000000000031 /* Bex */,
				D55000000000000000000020 /* ShareExtension */,
				A7100000000000000000001E /* Agent widgets */,
				A10000000000000000000032 /* Frameworks */,
				A10000000000000000000033 /* Products */,
			);
			sourceTree = "<group>";
		};
		A10000000000000000000031 /* Bex */ = {
			isa = PBXGroup;
			children = (
				B55D00000000000000000002 /* DraftRevision.swift */,
                D55D00000000000000000002 /* DeviceVideoDecoder.swift */,
                D55D00000000000000000003 /* DeviceVideoDecoderSupport.swift */,
                D55D00000000000000000005 /* DeviceScreen.swift */,
                D55D00000000000000000007 /* DeviceScreenContent.swift */,
                D55D00000000000000000009 /* DeviceSessionControls.swift */,
                D55D0000000000000000000B /* DeviceLiveFramePanel.swift */,
                D55D0000000000000000000D /* DeviceRecordingViews.swift */,
                D55D0000000000000000000F /* DeviceScreenSupport.swift */,
				D10000000000000000000002 /* AgentPushCenter.swift */,
                D10000000000000000000003 /* RemoteAgent.entitlements */,
                A10000000000000000000011 /* BexIOSApp.swift */,
				B00000000000000000000001 /* PlatformNotifications.swift */,
				B00000000000000000000002 /* PlatformSharing.swift */,
				B00000000000000000000003 /* PlatformPersistence.swift */,
				B00000000000000000000004 /* DictationRecorder.swift */,
				B00000000000000000000005 /* PlatformUI.swift */,
				A10000000000000000000013 /* QRCodeCaptureViewController.swift */,
				A10000000000000000000017 /* SwiftUIRoot.swift */,
				2036041A039EEBAA78D55844 /* AppPresentationData.swift */,
				1DBDDA3779489C57B929936E /* AppViewModel.swift */,
				B00000000000000000000006 /* AppViewModelRouting.swift */,
				B00000000000000000000007 /* AppViewModelConnection.swift */,
				B00000000000000000000008 /* AppViewModelActions.swift */,
				B00000000000000000000009 /* AppViewModelObservation.swift */,
				B0000000000000000000000D /* AppViewModelEnvironment.swift */,
				C0DE00000000000000000003 /* AppViewActions.swift */,
				C0DE00000000000000000203 /* AccountViews.swift */,
				25A49FEF4CFAB482E889EBDF /* WorktreeSettings.swift */,
                C30000000000000000000004 /* TerminalScreen.swift */,
                F1E85101D97E4E84A7B33C96 /* WorkspaceScreen.swift */,
				D074DC0F6B272156A6A39ED4 /* ConversationMarkdown.swift */,
				CBC18567B9147FCC8D6134EF /* WorkspaceViews.swift */,
				1F3F1E491E3943D59F2A2CB5 /* WorkspaceFileEditor.swift */,
				5A58F01C20F0C4F7F65C4038 /* AgentsSheet.swift */,
				5A43E94410B74AEC7B66BDFA /* Composer.swift */,
				5A38732823EFE22DE518E952 /* ComposerAttachments.swift */,
				5A3A7A464C54210A4FAD3E97 /* FeedRows.swift */,
				5AEFDBE4DCFF9C89A17F5B83 /* ImageSizing.swift */,
				5AB4B825955B4BFAEDEF1AF2 /* NewTaskFlow.swift */,
				5A7E2C1D4B8F9A0E6D3C5B22 /* BranchPicker.swift */,
				5AE726FF210331264B7D2D85 /* PairingScreens.swift */,
				5AEEACADF6F84DFEDB2043CB /* QueueSheet.swift */,
				5A5C8EB7A315858408A45DD4 /* RequestCards.swift */,
				5A71C55BC1248CBB94BBCA63 /* ReviewScreen.swift */,
				5A7F9C1E57CCEFA4413DFD7C /* SettingsScreen.swift */,
				B0000000000000000000000A /* SettingsControls.swift */,
				B0000000000000000000000B /* RemoteFolderPicker.swift */,
				B0000000000000000000000C /* SettingsAccounts.swift */,
				B0000000000000000000000E /* SettingsAuxiliaryPages.swift */,
				5A7F9C1E57CCEFA4413DFD7D /* UsageScreen.swift */,
				5A84E28D9598398CE73A1B57 /* SetupCard.swift */,
				5A70A17BFA716640470D90FE /* SnoozeSheet.swift */,
				5A1A2B3C4D5E6F7081920B01 /* ThreadSwipeActions.swift */,
				5A1A2B3C4D5E6F7081920B02 /* TerminalTools.swift */,
				5A1A2B3C4D5E6F7081920B03 /* ThreadArrangementSheet.swift */,
				5A1A2B3C4D5E6F7081920B04 /* ConversationMedia.swift */,
				5A881453AC5C0212F4F31321 /* Theme.swift */,
				5A6E6B0F1228E81D1E98D80F /* ThreadListRows.swift */,
				5A7CF6141551F258EB69E54C /* ThreadListScreen.swift */,
				5ADC0C2661897D759FA63D62 /* ThreadPresentation.swift */,
				5AD2FB764B8CACFD3D675D52 /* ThreadScreen.swift */,
				5A8798F151C7F526417EFF38 /* ThreadSettingsSheet.swift */,
				5A414901BB8690A34C0E1505 /* WorkLogRows.swift */,
				5A5221674666158F3BE13321 /* WorkingControl.swift */,
				5A567AA7E0E932EC93BD7FCF /* ArchivedScreen.swift */,
				5A71C19295E5E80AA6E3D427 /* ComposerMenu.swift */,
				5A22A9A7CFE0FC491FA1F865 /* FeedDividers.swift */,
				5A0CD55A0BBF9DC36773FC9A /* ThreadListHeader.swift */,
				A10000000000000000000016 /* Info.plist */,
				E50000000000000000000002 /* PrivacyInfo.xcprivacy */,
				E50000000000000000000004 /* RemoteAgentInput.caf */,
				E50000000000000000000006 /* RemoteAgentCompletion.caf */,
				A10000000000000000000018 /* Assets.xcassets */,
			);
			path = Bex;
			sourceTree = "<group>";
		};
		D55000000000000000000020 /* ShareExtension */ = {
			isa = PBXGroup;
			children = (
				D55000000000000000000010 /* ShareViewController.swift */,
				D55000000000000000000011 /* Info.plist */,
				D55000000000000000000012 /* ShareExtension.entitlements */,
			);
			path = ShareExtension;
			sourceTree = "<group>";
		};
		A10000000000000000000032 /* Frameworks */ = {
			isa = PBXGroup;
			children = ();
			name = Frameworks;
			sourceTree = "<group>";
		};
		A10000000000000000000033 /* Products */ = {
			isa = PBXGroup;
			children = (A10000000000000000000010 /* Bex.app */, D55000000000000000000013 /* RemoteAgentShareExtension.appex */, A7100000000000000000000A /* AgentActivityExtension.appex */,);
			name = Products;
			sourceTree = "<group>";
		};
		A7100000000000000000001E /* Agent widgets */ = {isa = PBXGroup; children = (A71000000000000000000001, A71000000000000000000002, A71000000000000000000003, A71000000000000000000004, A71000000000000000000005, A71000000000000000000006, A71000000000000000000007, A71000000000000000000008, A71000000000000000000009, ); name = "Agent widgets"; sourceTree = "<group>"; };
/* End PBXGroup section */

/* Begin PBXNativeTarget section */
		A10000000000000000000040 /* Bex */ = {
			isa = PBXNativeTarget;
			buildConfigurationList = A10000000000000000000041 /* Build configuration list for PBXNativeTarget "Bex" */;
			buildPhases = (
				A10000000000000000000020 /* Sources */,
				A10000000000000000000021 /* Frameworks */,
				A10000000000000000000022 /* Resources */,
				A7100000000000000000002F /* Embed Activity Extension */,
				D55000000000000000000033 /* Embed App Extensions */,
			);
			buildRules = ();
			dependencies = (A7100000000000000000002D, D55000000000000000000051, );
			packageProductDependencies = (C30000000000000000000002, );
            name = Bex;
			productName = Bex;
			productReference = A10000000000000000000010 /* Bex.app */;
			productType = "com.apple.product-type.application";
		};
		A71000000000000000000028 /* AgentActivityExtension */ = {isa = PBXNativeTarget; buildConfigurationList = A71000000000000000000029; buildPhases = (A7100000000000000000002A, A7100000000000000000002B, A7100000000000000000002C, ); buildRules = (); dependencies = (); name = AgentActivityExtension; productName = AgentActivityExtension; productReference = A7100000000000000000000A; productType = "com.apple.product-type.app-extension"; };
		D55000000000000000000040 /* RemoteAgentShareExtension */ = {
			isa = PBXNativeTarget;
			buildConfigurationList = D55000000000000000000041 /* Build configuration list for PBXNativeTarget "RemoteAgentShareExtension" */;
			buildPhases = (
				D55000000000000000000030 /* Share Extension Sources */,
				D55000000000000000000031 /* Share Extension Frameworks */,
				D55000000000000000000032 /* Share Extension Resources */,
			);
			buildRules = ();
			dependencies = ();
			name = RemoteAgentShareExtension;
			productName = RemoteAgentShareExtension;
			productReference = D55000000000000000000013 /* RemoteAgentShareExtension.appex */;
			productType = "com.apple.product-type.app-extension";
		};
/* End PBXNativeTarget section */

/* Begin XCRemoteSwiftPackageReference section */
        C30000000000000000000005 = {isa = XCRemoteSwiftPackageReference; repositoryURL = "https://github.com/migueldeicaza/SwiftTerm.git"; requirement = {kind = revision; revision = 233c6ba11aa9b2b9ffbd6b90467b079402f3c264; }; };
/* End XCRemoteSwiftPackageReference section */
/* Begin XCSwiftPackageProductDependency section */
        C30000000000000000000002 = {isa = XCSwiftPackageProductDependency; package = C30000000000000000000005; productName = SwiftTerm; };
/* End XCSwiftPackageProductDependency section */
/* Begin PBXProject section */
		A10000000000000000000050 /* Project object */ = {
			isa = PBXProject;
			attributes = {
				BuildIndependentTargetsInParallel = 1;
				LastUpgradeCheck = 2600;
				TargetAttributes = {
					A10000000000000000000040 = { CreatedOnToolsVersion = 26.0; };
					D55000000000000000000040 = { CreatedOnToolsVersion = 26.0; };
				};
			};
			buildConfigurationList = A10000000000000000000051 /* Build configuration list for PBXProject "Bex" */;
			compatibilityVersion = "Xcode 14.0";
			developmentRegion = en;
			hasScannedForEncodings = 0;
			knownRegions = (en, Base);
			mainGroup = A10000000000000000000030;
			productRefGroup = A10000000000000000000033 /* Products */;
			projectDirPath = "";
			projectRoot = "";
            packageReferences = (C30000000000000000000005, );
			targets = (A10000000000000000000040 /* Bex */, D55000000000000000000040 /* RemoteAgentShareExtension */, A71000000000000000000028 /* AgentActivityExtension */,);
		};
/* End PBXProject section */

/* Begin PBXContainerItemProxy section */
		A7100000000000000000002E = {isa = PBXContainerItemProxy; containerPortal = A10000000000000000000050; proxyType = 1; remoteGlobalIDString = A71000000000000000000028; remoteInfo = AgentActivityExtension; };
		D55000000000000000000050 /* PBXContainerItemProxy */ = {
			isa = PBXContainerItemProxy;
			containerPortal = A10000000000000000000050 /* Project object */;
			proxyType = 1;
			remoteGlobalIDString = D55000000000000000000040;
			remoteInfo = RemoteAgentShareExtension;
		};
/* End PBXContainerItemProxy section */

/* Begin PBXTargetDependency section */
		A7100000000000000000002D = {isa = PBXTargetDependency; target = A71000000000000000000028; targetProxy = A7100000000000000000002E; };
		D55000000000000000000051 /* PBXTargetDependency */ = {
			isa = PBXTargetDependency;
			target = D55000000000000000000040 /* RemoteAgentShareExtension */;
			targetProxy = D55000000000000000000050 /* PBXContainerItemProxy */;
		};
/* End PBXTargetDependency section */

/* Begin PBXResourcesBuildPhase section */
		A10000000000000000000022 /* Resources */ = {isa = PBXResourcesBuildPhase; buildActionMask = 2147483647; files = (F300000000000000000000012 /* dmsans_regular.ttf in Resources */, F300000000000000000000022 /* dmsans_medium.ttf in Resources */, F300000000000000000000032 /* dmsans_bold.ttf in Resources */, A10000000000000000000007 /* Assets.xcassets in Resources */, E50000000000000000000001 /* PrivacyInfo.xcprivacy in Resources */, E50000000000000000000003 /* RemoteAgentInput.caf in Resources */, E50000000000000000000005 /* RemoteAgentCompletion.caf in Resources */,); runOnlyForDeploymentPostprocessing = 0; };
		A7100000000000000000002C = {isa = PBXResourcesBuildPhase; buildActionMask = 2147483647; files = (A7100000000000000000001C, ); runOnlyForDeploymentPostprocessing = 0; };
		D55000000000000000000032 /* Share Extension Resources */ = {isa = PBXResourcesBuildPhase; buildActionMask = 2147483647; files = (); runOnlyForDeploymentPostprocessing = 0; };
/* End PBXResourcesBuildPhase section */

/* Begin PBXSourcesBuildPhase section */
		A10000000000000000000020 /* Sources */ = {
			isa = PBXSourcesBuildPhase;
			buildActionMask = 2147483647;
			files = (
				B55D00000000000000000001 /* DraftRevision.swift in Sources */,
                D55D00000000000000000001 /* DeviceVideoDecoder.swift in Sources */,
                D55D00000000000000000004 /* DeviceVideoDecoderSupport.swift in Sources */,
                D55D00000000000000000006 /* DeviceScreen.swift in Sources */,
                D55D00000000000000000008 /* DeviceScreenContent.swift in Sources */,
                D55D0000000000000000000A /* DeviceSessionControls.swift in Sources */,
                D55D0000000000000000000C /* DeviceLiveFramePanel.swift in Sources */,
                D55D0000000000000000000E /* DeviceRecordingViews.swift in Sources */,
                D55D00000000000000000010 /* DeviceScreenSupport.swift in Sources */,
                D10000000000000000000001 /* AgentPushCenter.swift in Sources */,
                D10000000000000000000004 /* AgentPushCenter+ActivityLifecycle.swift in Sources */,
                D10000000000000000000006 /* AgentPushCenter+Routing.swift in Sources */,
                D10000000000000000000008 /* AgentPushCenter+Notifications.swift in Sources */,
				A71000000000000000000015, A71000000000000000000016, A71000000000000000000017,
                A10000000000000000000001 /* BexIOSApp.swift in Sources */,
				B00000000000000000000021 /* PlatformNotifications.swift in Sources */,
				B00000000000000000000022 /* PlatformSharing.swift in Sources */,
				B00000000000000000000023 /* PlatformPersistence.swift in Sources */,
				B00000000000000000000024 /* DictationRecorder.swift in Sources */,
				B00000000000000000000025 /* PlatformUI.swift in Sources */,
				A10000000000000000000003 /* QRCodeCaptureViewController.swift in Sources */,
				A10000000000000000000006 /* SwiftUIRoot.swift in Sources */,
				B5EDE65C803E4BD5CE028DE5 /* AppPresentationData.swift in Sources */,
				FD93084AF1873DEF927C9EDC /* AppViewModel.swift in Sources */,
				B00000000000000000000026 /* AppViewModelRouting.swift in Sources */,
				B00000000000000000000027 /* AppViewModelConnection.swift in Sources */,
				B00000000000000000000028 /* AppViewModelActions.swift in Sources */,
				B00000000000000000000029 /* AppViewModelObservation.swift in Sources */,
				B0000000000000000000002D /* AppViewModelEnvironment.swift in Sources */,
				C0DE00000000000000000103 /* AppViewActions.swift in Sources */,
				C0DE00000000000000000202 /* AccountViews.swift in Sources */,
				0FF3408BDCB920A7C06397A8 /* WorktreeSettings.swift in Sources */,
                C30000000000000000000003 /* TerminalScreen.swift in Sources */,
                D36E8C890D10474EB83C8D37 /* WorkspaceScreen.swift in Sources */,
				FCD15282ED580E15F2FE6024 /* ConversationMarkdown.swift in Sources */,
				1AAD56B60A484823F27FC70F /* WorkspaceViews.swift in Sources */,
				CDA669EB182B4A27B3460556 /* WorkspaceFileEditor.swift in Sources */,
				5A3E894D97C57A8F85989C07 /* AgentsSheet.swift in Sources */,
				5A3A4D1FF0D4C41919194AA1 /* Composer.swift in Sources */,
				5A41CFCC1F2C84D0C851A8EF /* ComposerAttachments.swift in Sources */,
				5A5E8C4F9629E9D00DF994D9 /* FeedRows.swift in Sources */,
				5A6701088574D428E35D0130 /* ImageSizing.swift in Sources */,
				5A3464748841BD1FE829AF2D /* NewTaskFlow.swift in Sources */,
				5A7E2C1D4B8F9A0E6D3C5B21 /* BranchPicker.swift in Sources */,
				5AB24AE25FA5E3DC443AD077 /* PairingScreens.swift in Sources */,
				5A3E7F900DE1DD630BB482D0 /* QueueSheet.swift in Sources */,
				5AAAD5B74E2B6EA71FB97E12 /* RequestCards.swift in Sources */,
				5AA51108FD3338DF7260477D /* ReviewScreen.swift in Sources */,
				5AC745F7F218DE3C213121D1 /* SettingsScreen.swift in Sources */,
				B0000000000000000000002A /* SettingsControls.swift in Sources */,
				B0000000000000000000002B /* RemoteFolderPicker.swift in Sources */,
				B0000000000000000000002C /* SettingsAccounts.swift in Sources */,
				B0000000000000000000002E /* SettingsAuxiliaryPages.swift in Sources */,
				5AC745F7F218DE3C213121D2 /* UsageScreen.swift in Sources */,
				5A93A711C7F8F640D6399526 /* SetupCard.swift in Sources */,
				5A8D5783B4484B7A52BBFE4C /* SnoozeSheet.swift in Sources */,
				5A1A2B3C4D5E6F7081920A01 /* ThreadSwipeActions.swift in Sources */,
				5A1A2B3C4D5E6F7081920A02 /* TerminalTools.swift in Sources */,
				5A1A2B3C4D5E6F7081920A03 /* ThreadArrangementSheet.swift in Sources */,
				5A1A2B3C4D5E6F7081920A04 /* ConversationMedia.swift in Sources */,
				5A35A0019BCC3823CD268EF0 /* Theme.swift in Sources */,
				5A65B52A000421AD81CA9DF8 /* ThreadListRows.swift in Sources */,
				5AB6A7AE322325E65DDA2487 /* ThreadListScreen.swift in Sources */,
				5A4C365DEB59BCFAE2F44CB6 /* ThreadPresentation.swift in Sources */,
				5A19A0BB9DE49CE354D481B7 /* ThreadScreen.swift in Sources */,
				5AD0731BC60260A55BE547A9 /* ThreadSettingsSheet.swift in Sources */,
				5A46B2D51AE880BCD813F5AC /* WorkLogRows.swift in Sources */,
				5A343CB63EE630AA2A269B10 /* WorkingControl.swift in Sources */,
				5A315EF005582AC5FFD52EE4 /* ArchivedScreen.swift in Sources */,
				5A78A6A3E6A09CE733F83B47 /* ComposerMenu.swift in Sources */,
				5AFC0570AD7136B42551A29F /* FeedDividers.swift in Sources */,
				5A75EFF73501B288889439CD /* ThreadListHeader.swift in Sources */,
			);
			runOnlyForDeploymentPostprocessing = 0;
		};
		D55000000000000000000030 /* Share Extension Sources */ = {
			isa = PBXSourcesBuildPhase;
			buildActionMask = 2147483647;
			files = (D55000000000000000000001 /* ShareViewController.swift in Sources */,);
			runOnlyForDeploymentPostprocessing = 0;
		};
		A7100000000000000000002A = {isa = PBXSourcesBuildPhase; buildActionMask = 2147483647; files = (A71000000000000000000018, A71000000000000000000019, A7100000000000000000001A, A7100000000000000000001B, ); runOnlyForDeploymentPostprocessing = 0; };
/* End PBXSourcesBuildPhase section */

/* Begin XCBuildConfiguration section */
		A10000000000000000000060 /* Debug */ = {
			isa = XCBuildConfiguration;
			buildSettings = {
				ALWAYS_SEARCH_USER_PATHS = NO;
				CLANG_ENABLE_MODULES = YES;
				CLANG_ENABLE_OBJC_ARC = YES;
				IPHONEOS_DEPLOYMENT_TARGET = 26.0;
				SDKROOT = iphoneos;
			};
			name = Debug;
		};
		A10000000000000000000061 /* Release */ = {
			isa = XCBuildConfiguration;
			buildSettings = {
				ALWAYS_SEARCH_USER_PATHS = NO;
				CLANG_ENABLE_MODULES = YES;
				CLANG_ENABLE_OBJC_ARC = YES;
				IPHONEOS_DEPLOYMENT_TARGET = 26.0;
				SDKROOT = iphoneos;
			};
			name = Release;
		};
		A10000000000000000000062 /* Debug */ = {
			isa = XCBuildConfiguration;
			buildSettings = {
				ARCHS = arm64;
				APS_ENVIRONMENT = development;
				BEX_CARGO_TARGET_DIR = "$(SRCROOT)/../../../target";
				CODE_SIGN_STYLE = Automatic;
				CODE_SIGN_ENTITLEMENTS = Bex/RemoteAgent.entitlements;
				CURRENT_PROJECT_VERSION = 70;
				DEVELOPMENT_TEAM = K65K9J8686;
				"SWIFT_INCLUDE_PATHS[sdk=iphoneos*]" = "$(inherited) $(BEX_CARGO_TARGET_DIR)/aarch64-apple-ios/release $(SRCROOT)/../../../target/agent-bindings";
				"SWIFT_INCLUDE_PATHS[sdk=iphonesimulator*]" = "$(inherited) $(BEX_CARGO_TARGET_DIR)/aarch64-apple-ios-sim/release $(SRCROOT)/../../../target/agent-bindings";
				"LIBRARY_SEARCH_PATHS[sdk=iphoneos*]" = "$(inherited) $(BEX_CARGO_TARGET_DIR)/aarch64-apple-ios/release";
				"LIBRARY_SEARCH_PATHS[sdk=iphonesimulator*]" = "$(inherited) $(BEX_CARGO_TARGET_DIR)/aarch64-apple-ios-sim/release";
				GENERATE_INFOPLIST_FILE = NO;
				INFOPLIST_FILE = Bex/Info.plist;
				ASSETCATALOG_COMPILER_APPICON_NAME = AppIcon;
				LD_RUNPATH_SEARCH_PATHS = "$(inherited) @executable_path/Frameworks";
				MARKETING_VERSION = 1.0;
				"OTHER_LDFLAGS[sdk=iphoneos*]" = "$(inherited) $(BEX_CARGO_TARGET_DIR)/aarch64-apple-ios/release/libagent_ffi.a -lAgentCore -framework Security -framework SystemConfiguration";
				"OTHER_LDFLAGS[sdk=iphonesimulator*]" = "$(inherited) $(BEX_CARGO_TARGET_DIR)/aarch64-apple-ios-sim/release/libagent_ffi.a -lAgentCore -framework Security -framework SystemConfiguration";
				CODE_SIGN_ENTITLEMENTS = Bex/RemoteAgent.entitlements;
				PRODUCT_BUNDLE_IDENTIFIER = com.ttizze.b-codex;
				PRODUCT_NAME = Bex;
				SUPPORTED_PLATFORMS = "iphonesimulator iphoneos";
				OTHER_SWIFT_FLAGS = "$(inherited) -Xcc -fmodule-map-file=$(SRCROOT)/../../../target/agent-bindings/AgentCoreFFI.modulemap";
				SWIFT_VERSION = 5.0;
				TARGETED_DEVICE_FAMILY = "1,2";
			};
			name = Debug;
		};
		A10000000000000000000063 /* Release */ = {
			isa = XCBuildConfiguration;
			buildSettings = {
				ARCHS = arm64;
				APS_ENVIRONMENT = production;
				BEX_CARGO_TARGET_DIR = "$(SRCROOT)/../../../target";
				CODE_SIGN_STYLE = Automatic;
				CODE_SIGN_ENTITLEMENTS = Bex/RemoteAgent.entitlements;
				CURRENT_PROJECT_VERSION = 70;
				DEVELOPMENT_TEAM = K65K9J8686;
				"SWIFT_INCLUDE_PATHS[sdk=iphoneos*]" = "$(inherited) $(BEX_CARGO_TARGET_DIR)/aarch64-apple-ios/release $(SRCROOT)/../../../target/agent-bindings";
				"SWIFT_INCLUDE_PATHS[sdk=iphonesimulator*]" = "$(inherited) $(BEX_CARGO_TARGET_DIR)/aarch64-apple-ios-sim/release $(SRCROOT)/../../../target/agent-bindings";
				"LIBRARY_SEARCH_PATHS[sdk=iphoneos*]" = "$(inherited) $(BEX_CARGO_TARGET_DIR)/aarch64-apple-ios/release";
				"LIBRARY_SEARCH_PATHS[sdk=iphonesimulator*]" = "$(inherited) $(BEX_CARGO_TARGET_DIR)/aarch64-apple-ios-sim/release";
				GENERATE_INFOPLIST_FILE = NO;
				INFOPLIST_FILE = Bex/Info.plist;
				ASSETCATALOG_COMPILER_APPICON_NAME = AppIcon;
				LD_RUNPATH_SEARCH_PATHS = "$(inherited) @executable_path/Frameworks";
				MARKETING_VERSION = 1.0;
				"OTHER_LDFLAGS[sdk=iphoneos*]" = "$(inherited) $(BEX_CARGO_TARGET_DIR)/aarch64-apple-ios/release/libagent_ffi.a -lAgentCore -framework Security -framework SystemConfiguration";
				"OTHER_LDFLAGS[sdk=iphonesimulator*]" = "$(inherited) $(BEX_CARGO_TARGET_DIR)/aarch64-apple-ios-sim/release/libagent_ffi.a -lAgentCore -framework Security -framework SystemConfiguration";
				CODE_SIGN_ENTITLEMENTS = Bex/RemoteAgent.entitlements;
				PRODUCT_BUNDLE_IDENTIFIER = com.ttizze.b-codex;
				PRODUCT_NAME = Bex;
				SUPPORTED_PLATFORMS = "iphonesimulator iphoneos";
				OTHER_SWIFT_FLAGS = "$(inherited) -Xcc -fmodule-map-file=$(SRCROOT)/../../../target/agent-bindings/AgentCoreFFI.modulemap";
				SWIFT_VERSION = 5.0;
				TARGETED_DEVICE_FAMILY = "1,2";
			};
			name = Release;
		};
		A7100000000000000000003C = {isa = XCBuildConfiguration; buildSettings = {APPLICATION_EXTENSION_API_ONLY = YES;
ARCHS = arm64;
BEX_CARGO_TARGET_DIR = "$(SRCROOT)/../../../target";
CODE_SIGN_STYLE = Automatic;
CODE_SIGN_ENTITLEMENTS = ActivityExtension/ActivityExtension.entitlements;
CURRENT_PROJECT_VERSION = 70;
DEVELOPMENT_TEAM = K65K9J8686;
GENERATE_INFOPLIST_FILE = NO;
INFOPLIST_FILE = ActivityExtension/Info.plist;
IPHONEOS_DEPLOYMENT_TARGET = 26.0;
LD_RUNPATH_SEARCH_PATHS = "$(inherited) @executable_path/Frameworks @executable_path/../../Frameworks";
MARKETING_VERSION = 1.0;
PRODUCT_BUNDLE_IDENTIFIER = com.ttizze.b-codex.activity;
PRODUCT_NAME = AgentActivityExtension;
SDKROOT = iphoneos;
SKIP_INSTALL = YES;
SUPPORTED_PLATFORMS = "iphonesimulator iphoneos";
SWIFT_VERSION = 5.0;
TARGETED_DEVICE_FAMILY = "1,2";
"SWIFT_INCLUDE_PATHS[sdk=iphoneos*]" = "$(inherited) $(BEX_CARGO_TARGET_DIR)/aarch64-apple-ios/release $(SRCROOT)/../../../target/agent-bindings";
"SWIFT_INCLUDE_PATHS[sdk=iphonesimulator*]" = "$(inherited) $(BEX_CARGO_TARGET_DIR)/aarch64-apple-ios-sim/release $(SRCROOT)/../../../target/agent-bindings";
"LIBRARY_SEARCH_PATHS[sdk=iphoneos*]" = "$(inherited) $(BEX_CARGO_TARGET_DIR)/aarch64-apple-ios/release";
"LIBRARY_SEARCH_PATHS[sdk=iphonesimulator*]" = "$(inherited) $(BEX_CARGO_TARGET_DIR)/aarch64-apple-ios-sim/release";
"OTHER_LDFLAGS[sdk=iphoneos*]" = "$(inherited) $(BEX_CARGO_TARGET_DIR)/aarch64-apple-ios/release/libagent_ffi.a -lAgentCore -framework Security -framework SystemConfiguration";
"OTHER_LDFLAGS[sdk=iphonesimulator*]" = "$(inherited) $(BEX_CARGO_TARGET_DIR)/aarch64-apple-ios-sim/release/libagent_ffi.a -lAgentCore -framework Security -framework SystemConfiguration";
OTHER_SWIFT_FLAGS = "$(inherited) -Xcc -fmodule-map-file=$(SRCROOT)/../../../target/agent-bindings/AgentCoreFFI.modulemap";}; name = Debug; };
		A7100000000000000000003D = {isa = XCBuildConfiguration; buildSettings = {APPLICATION_EXTENSION_API_ONLY = YES;
ARCHS = arm64;
BEX_CARGO_TARGET_DIR = "$(SRCROOT)/../../../target";
CODE_SIGN_STYLE = Automatic;
CODE_SIGN_ENTITLEMENTS = ActivityExtension/ActivityExtension.entitlements;
CURRENT_PROJECT_VERSION = 70;
DEVELOPMENT_TEAM = K65K9J8686;
GENERATE_INFOPLIST_FILE = NO;
INFOPLIST_FILE = ActivityExtension/Info.plist;
IPHONEOS_DEPLOYMENT_TARGET = 26.0;
LD_RUNPATH_SEARCH_PATHS = "$(inherited) @executable_path/Frameworks @executable_path/../../Frameworks";
MARKETING_VERSION = 1.0;
PRODUCT_BUNDLE_IDENTIFIER = com.ttizze.b-codex.activity;
PRODUCT_NAME = AgentActivityExtension;
SDKROOT = iphoneos;
SKIP_INSTALL = YES;
SUPPORTED_PLATFORMS = "iphonesimulator iphoneos";
SWIFT_VERSION = 5.0;
TARGETED_DEVICE_FAMILY = "1,2";
"SWIFT_INCLUDE_PATHS[sdk=iphoneos*]" = "$(inherited) $(BEX_CARGO_TARGET_DIR)/aarch64-apple-ios/release $(SRCROOT)/../../../target/agent-bindings";
"SWIFT_INCLUDE_PATHS[sdk=iphonesimulator*]" = "$(inherited) $(BEX_CARGO_TARGET_DIR)/aarch64-apple-ios-sim/release $(SRCROOT)/../../../target/agent-bindings";
"LIBRARY_SEARCH_PATHS[sdk=iphoneos*]" = "$(inherited) $(BEX_CARGO_TARGET_DIR)/aarch64-apple-ios/release";
"LIBRARY_SEARCH_PATHS[sdk=iphonesimulator*]" = "$(inherited) $(BEX_CARGO_TARGET_DIR)/aarch64-apple-ios-sim/release";
"OTHER_LDFLAGS[sdk=iphoneos*]" = "$(inherited) $(BEX_CARGO_TARGET_DIR)/aarch64-apple-ios/release/libagent_ffi.a -lAgentCore -framework Security -framework SystemConfiguration";
"OTHER_LDFLAGS[sdk=iphonesimulator*]" = "$(inherited) $(BEX_CARGO_TARGET_DIR)/aarch64-apple-ios-sim/release/libagent_ffi.a -lAgentCore -framework Security -framework SystemConfiguration";
OTHER_SWIFT_FLAGS = "$(inherited) -Xcc -fmodule-map-file=$(SRCROOT)/../../../target/agent-bindings/AgentCoreFFI.modulemap";}; name = Release; };
		D55000000000000000000060 /* Debug */ = {
			isa = XCBuildConfiguration;
			buildSettings = {
				APPLICATION_EXTENSION_API_ONLY = YES;
				CODE_SIGN_ENTITLEMENTS = ShareExtension/ShareExtension.entitlements;
				CODE_SIGN_STYLE = Automatic;
				CURRENT_PROJECT_VERSION = 70;
				DEVELOPMENT_TEAM = K65K9J8686;
				GENERATE_INFOPLIST_FILE = NO;
				INFOPLIST_FILE = ShareExtension/Info.plist;
				IPHONEOS_DEPLOYMENT_TARGET = 26.0;
				MARKETING_VERSION = 1.0;
				PRODUCT_BUNDLE_IDENTIFIER = com.ttizze.b-codex.share;
				PRODUCT_NAME = RemoteAgentShareExtension;
				SKIP_INSTALL = YES;
				SUPPORTED_PLATFORMS = "iphonesimulator iphoneos";
				SWIFT_VERSION = 5.0;
				TARGETED_DEVICE_FAMILY = "1,2";
			};
			name = Debug;
		};
		D55000000000000000000061 /* Release */ = {
			isa = XCBuildConfiguration;
			buildSettings = {
				APPLICATION_EXTENSION_API_ONLY = YES;
				CODE_SIGN_ENTITLEMENTS = ShareExtension/ShareExtension.entitlements;
				CODE_SIGN_STYLE = Automatic;
				CURRENT_PROJECT_VERSION = 70;
				DEVELOPMENT_TEAM = K65K9J8686;
				GENERATE_INFOPLIST_FILE = NO;
				INFOPLIST_FILE = ShareExtension/Info.plist;
				IPHONEOS_DEPLOYMENT_TARGET = 26.0;
				MARKETING_VERSION = 1.0;
				PRODUCT_BUNDLE_IDENTIFIER = com.ttizze.b-codex.share;
				PRODUCT_NAME = RemoteAgentShareExtension;
				SKIP_INSTALL = YES;
				SUPPORTED_PLATFORMS = "iphonesimulator iphoneos";
				SWIFT_VERSION = 5.0;
				TARGETED_DEVICE_FAMILY = "1,2";
			};
			name = Release;
		};
/* End XCBuildConfiguration section */

/* Begin XCConfigurationList section */
		A10000000000000000000041 /* Build configuration list for PBXNativeTarget "Bex" */ = {
			isa = XCConfigurationList;
			buildConfigurations = (A10000000000000000000062 /* Debug */, A10000000000000000000063 /* Release */);
			defaultConfigurationIsVisible = 0;
			defaultConfigurationName = Debug;
		};
		A10000000000000000000051 /* Build configuration list for PBXProject "Bex" */ = {
			isa = XCConfigurationList;
			buildConfigurations = (A10000000000000000000060 /* Debug */, A10000000000000000000061 /* Release */);
			defaultConfigurationIsVisible = 0;
			defaultConfigurationName = Debug;
		};
		A71000000000000000000029 = {isa = XCConfigurationList; buildConfigurations = (A7100000000000000000003C, A7100000000000000000003D, ); defaultConfigurationIsVisible = 0; defaultConfigurationName = Debug; };
		D55000000000000000000041 /* Build configuration list for PBXNativeTarget "RemoteAgentShareExtension" */ = {
			isa = XCConfigurationList;
			buildConfigurations = (D55000000000000000000060 /* Debug */, D55000000000000000000061 /* Release */);
			defaultConfigurationIsVisible = 0;
			defaultConfigurationName = Debug;
		};
/* End XCConfigurationList section */
	};
	rootObject = A10000000000000000000050 /* Project object */;
}
