// !$*UTF8*$!
{
	archiveVersion = 1;
	classes = {};
	objectVersion = 56;
	objects = {

/* Begin PBXBuildFile section */
		C0DE00000000000000000401 /* AgentSettings.swift in Sources */ = {isa = PBXBuildFile; fileRef = C0DE00000000000000000402; };
        D36E8C890D10474EB83C8D37 /* WorkspaceScreen.swift in Sources */ = {isa = PBXBuildFile; fileRef = F1E85101D97E4E84A7B33C96 /* WorkspaceScreen.swift */; };
		E50000000000000000000001 /* PrivacyInfo.xcprivacy in Resources */ = {isa = PBXBuildFile; fileRef = E50000000000000000000002 /* PrivacyInfo.xcprivacy */; };
        C30000000000000000000001 /* SwiftTerm in Frameworks */ = {isa = PBXBuildFile; productRef = C30000000000000000000002; };
        C30000000000000000000003 /* TerminalScreen.swift in Sources */ = {isa = PBXBuildFile; fileRef = C30000000000000000000004; };
		A10000000000000000000007 /* Assets.xcassets in Resources */ = {isa = PBXBuildFile; fileRef = A10000000000000000000018 /* Assets.xcassets */; };
		A10000000000000000000001 /* BexIOSApp.swift in Sources */ = {isa = PBXBuildFile; fileRef = A10000000000000000000011 /* BexIOSApp.swift */; };
		A10000000000000000000002 /* PlatformServices.swift in Sources */ = {isa = PBXBuildFile; fileRef = A10000000000000000000012 /* PlatformServices.swift */; };
		A10000000000000000000003 /* QRCodeCaptureViewController.swift in Sources */ = {isa = PBXBuildFile; fileRef = A10000000000000000000013 /* QRCodeCaptureViewController.swift */; };
		A10000000000000000000006 /* SwiftUIRoot.swift in Sources */ = {isa = PBXBuildFile; fileRef = A10000000000000000000017 /* SwiftUIRoot.swift */; };
		FD93084AF1873DEF927C9EDC /* AppViewModel.swift in Sources */ = {isa = PBXBuildFile; fileRef = 1DBDDA3779489C57B929936E /* AppViewModel.swift */; };
		D08EEED058A8C4FE92AA21E2 /* TaskList.swift in Sources */ = {isa = PBXBuildFile; fileRef = 04926FF582DA33DFFF64E6C5 /* TaskList.swift */; };
		FD938C839188C56CFF5BE7A4 /* ConversationScreen.swift in Sources */ = {isa = PBXBuildFile; fileRef = 613A5AAB450EC067108110F3 /* ConversationScreen.swift */; };
		F9897A4D00C8F44425414C1F /* ConversationRows.swift in Sources */ = {isa = PBXBuildFile; fileRef = F6A4ABC2B38DF545C243FD72 /* ConversationRows.swift */; };
		FCD15282ED580E15F2FE6024 /* ConversationMarkdown.swift in Sources */ = {isa = PBXBuildFile; fileRef = D074DC0F6B272156A6A39ED4 /* ConversationMarkdown.swift */; };
		1AAD56B60A484823F27FC70F /* WorkspaceViews.swift in Sources */ = {isa = PBXBuildFile; fileRef = CBC18567B9147FCC8D6134EF /* WorkspaceViews.swift */; };
		B5EDE65C803E4BD5CE028DE5 /* AppPresentationData.swift in Sources */ = {isa = PBXBuildFile; fileRef = 2036041A039EEBAA78D55844 /* AppPresentationData.swift */; };
		D9577A51AE685A04BA449953 /* ConversationComposer.swift in Sources */ = {isa = PBXBuildFile; fileRef = 8550A6EE10FA45896134CE4D /* ConversationComposer.swift */; };
		0FF3408BDCB920A7C06397A8 /* WorktreeSettings.swift in Sources */ = {isa = PBXBuildFile; fileRef = 25A49FEF4CFAB482E889EBDF /* WorktreeSettings.swift */; };
		C0DE00000000000000000202 /* AccountViews.swift in Sources */ = {isa = PBXBuildFile; fileRef = C0DE00000000000000000203 /* AccountViews.swift */; };
		C0DE00000000000000000103 /* AppViewActions.swift in Sources */ = {isa = PBXBuildFile; fileRef = C0DE00000000000000000003 /* AppViewActions.swift */; };
		CDA669EB182B4A27B3460556 /* WorkspaceFileEditor.swift in Sources */ = {isa = PBXBuildFile; fileRef = 1F3F1E491E3943D59F2A2CB5 /* WorkspaceFileEditor.swift */; };
		B2E000270000000000000001 /* ConversationRequest.swift in Sources */ = {isa = PBXBuildFile; fileRef = B2E000270000000000000002 /* ConversationRequest.swift */; };
		F300000000000000000000012 /* dmsans_regular.ttf in Resources */ = {isa = PBXBuildFile; fileRef = F300000000000000000000011; };
		F300000000000000000000022 /* dmsans_medium.ttf in Resources */ = {isa = PBXBuildFile; fileRef = F300000000000000000000021; };
		F300000000000000000000032 /* dmsans_bold.ttf in Resources */ = {isa = PBXBuildFile; fileRef = F300000000000000000000031; };
/* End PBXBuildFile section */

/* Begin PBXFileReference section */
		C0DE00000000000000000402 /* AgentSettings.swift */ = {isa = PBXFileReference; lastKnownFileType = sourcecode.swift; path = AgentSettings.swift; sourceTree = "<group>"; };
        F1E85101D97E4E84A7B33C96 /* WorkspaceScreen.swift */ = {isa = PBXFileReference; lastKnownFileType = sourcecode.swift; path = WorkspaceScreen.swift; sourceTree = "<group>"; };
		E50000000000000000000002 /* PrivacyInfo.xcprivacy */ = {isa = PBXFileReference; lastKnownFileType = text.xml; path = PrivacyInfo.xcprivacy; sourceTree = "<group>"; };
        C30000000000000000000004 /* TerminalScreen.swift */ = {isa = PBXFileReference; lastKnownFileType = sourcecode.swift; path = TerminalScreen.swift; sourceTree = "<group>"; };
		A10000000000000000000018 /* Assets.xcassets */ = {isa = PBXFileReference; lastKnownFileType = folder.assetcatalog; path = Assets.xcassets; sourceTree = "<group>"; };
		A10000000000000000000010 /* Bex.app */ = {isa = PBXFileReference; explicitFileType = wrapper.application; includeInIndex = 0; path = Bex.app; sourceTree = BUILT_PRODUCTS_DIR; };
		A10000000000000000000011 /* BexIOSApp.swift */ = {isa = PBXFileReference; lastKnownFileType = sourcecode.swift; path = BexIOSApp.swift; sourceTree = "<group>"; };
		A10000000000000000000012 /* PlatformServices.swift */ = {isa = PBXFileReference; lastKnownFileType = sourcecode.swift; path = PlatformServices.swift; sourceTree = "<group>"; };
		A10000000000000000000013 /* QRCodeCaptureViewController.swift */ = {isa = PBXFileReference; lastKnownFileType = sourcecode.swift; path = QRCodeCaptureViewController.swift; sourceTree = "<group>"; };
		A10000000000000000000016 /* Info.plist */ = {isa = PBXFileReference; lastKnownFileType = text.plist.xml; path = Info.plist; sourceTree = "<group>"; };
		A10000000000000000000017 /* SwiftUIRoot.swift */ = {isa = PBXFileReference; lastKnownFileType = sourcecode.swift; path = SwiftUIRoot.swift; sourceTree = "<group>"; };
		1DBDDA3779489C57B929936E /* AppViewModel.swift */ = {isa = PBXFileReference; lastKnownFileType = sourcecode.swift; path = AppViewModel.swift; sourceTree = "<group>"; };
		04926FF582DA33DFFF64E6C5 /* TaskList.swift */ = {isa = PBXFileReference; lastKnownFileType = sourcecode.swift; path = TaskList.swift; sourceTree = "<group>"; };
		613A5AAB450EC067108110F3 /* ConversationScreen.swift */ = {isa = PBXFileReference; lastKnownFileType = sourcecode.swift; path = ConversationScreen.swift; sourceTree = "<group>"; };
		F6A4ABC2B38DF545C243FD72 /* ConversationRows.swift */ = {isa = PBXFileReference; lastKnownFileType = sourcecode.swift; path = ConversationRows.swift; sourceTree = "<group>"; };
		D074DC0F6B272156A6A39ED4 /* ConversationMarkdown.swift */ = {isa = PBXFileReference; lastKnownFileType = sourcecode.swift; path = ConversationMarkdown.swift; sourceTree = "<group>"; };
		CBC18567B9147FCC8D6134EF /* WorkspaceViews.swift */ = {isa = PBXFileReference; lastKnownFileType = sourcecode.swift; path = WorkspaceViews.swift; sourceTree = "<group>"; };
		2036041A039EEBAA78D55844 /* AppPresentationData.swift */ = {isa = PBXFileReference; lastKnownFileType = sourcecode.swift; path = AppPresentationData.swift; sourceTree = "<group>"; };
		8550A6EE10FA45896134CE4D /* ConversationComposer.swift */ = {isa = PBXFileReference; lastKnownFileType = sourcecode.swift; path = ConversationComposer.swift; sourceTree = "<group>"; };
		25A49FEF4CFAB482E889EBDF /* WorktreeSettings.swift */ = {isa = PBXFileReference; lastKnownFileType = sourcecode.swift; path = WorktreeSettings.swift; sourceTree = "<group>"; };
		C0DE00000000000000000203 /* AccountViews.swift */ = {isa = PBXFileReference; lastKnownFileType = sourcecode.swift; path = AccountViews.swift; sourceTree = "<group>"; };
		C0DE00000000000000000003 /* AppViewActions.swift */ = {isa = PBXFileReference; lastKnownFileType = sourcecode.swift; path = AppViewActions.swift; sourceTree = "<group>"; };
		1F3F1E491E3943D59F2A2CB5 /* WorkspaceFileEditor.swift */ = {isa = PBXFileReference; lastKnownFileType = sourcecode.swift; path = WorkspaceFileEditor.swift; sourceTree = "<group>"; };
		B2E000270000000000000002 /* ConversationRequest.swift */ = {isa = PBXFileReference; lastKnownFileType = sourcecode.swift; path = ConversationRequest.swift; sourceTree = "<group>"; };
		F300000000000000000000011 /* dmsans_regular.ttf */ = {isa = PBXFileReference; lastKnownFileType = file; path = "../native-res/font/dmsans_regular.ttf"; sourceTree = SOURCE_ROOT; };
		F300000000000000000000021 /* dmsans_medium.ttf */ = {isa = PBXFileReference; lastKnownFileType = file; path = "../native-res/font/dmsans_medium.ttf"; sourceTree = SOURCE_ROOT; };
		F300000000000000000000031 /* dmsans_bold.ttf */ = {isa = PBXFileReference; lastKnownFileType = file; path = "../native-res/font/dmsans_bold.ttf"; sourceTree = SOURCE_ROOT; };
/* End PBXFileReference section */

/* Begin PBXFrameworksBuildPhase section */
		A10000000000000000000021 /* Frameworks */ = {
			isa = PBXFrameworksBuildPhase;
			buildActionMask = 2147483647;
			files = (C30000000000000000000001 /* SwiftTerm in Frameworks */, );
			runOnlyForDeploymentPostprocessing = 0;
		};
/* End PBXFrameworksBuildPhase section */

/* Begin PBXGroup section */
		A10000000000000000000030 = {
			isa = PBXGroup;
			children = (
				A10000000000000000000031 /* Bex */,
				A10000000000000000000032 /* Frameworks */,
				A10000000000000000000033 /* Products */,
			);
			sourceTree = "<group>";
		};
		A10000000000000000000031 /* Bex */ = {
			isa = PBXGroup;
			children = (
				A10000000000000000000011 /* BexIOSApp.swift */,
				A10000000000000000000012 /* PlatformServices.swift */,
				A10000000000000000000013 /* QRCodeCaptureViewController.swift */,
				A10000000000000000000017 /* SwiftUIRoot.swift */,
				8550A6EE10FA45896134CE4D /* ConversationComposer.swift */,
				2036041A039EEBAA78D55844 /* AppPresentationData.swift */,
				1DBDDA3779489C57B929936E /* AppViewModel.swift */,
				C0DE00000000000000000003 /* AppViewActions.swift */,
				C0DE00000000000000000402 /* AgentSettings.swift */,
				C0DE00000000000000000203 /* AccountViews.swift */,
				04926FF582DA33DFFF64E6C5 /* TaskList.swift */,
				25A49FEF4CFAB482E889EBDF /* WorktreeSettings.swift */,
				613A5AAB450EC067108110F3 /* ConversationScreen.swift */,
                C30000000000000000000004 /* TerminalScreen.swift */,
                F1E85101D97E4E84A7B33C96 /* WorkspaceScreen.swift */,
				F6A4ABC2B38DF545C243FD72 /* ConversationRows.swift */,
				B2E000270000000000000002 /* ConversationRequest.swift */,
				D074DC0F6B272156A6A39ED4 /* ConversationMarkdown.swift */,
				CBC18567B9147FCC8D6134EF /* WorkspaceViews.swift */,
				1F3F1E491E3943D59F2A2CB5 /* WorkspaceFileEditor.swift */,
				A10000000000000000000016 /* Info.plist */,
				E50000000000000000000002 /* PrivacyInfo.xcprivacy */,
				A10000000000000000000018 /* Assets.xcassets */,
			);
			path = Bex;
			sourceTree = "<group>";
		};
		A10000000000000000000032 /* Frameworks */ = {
			isa = PBXGroup;
			children = ();
			name = Frameworks;
			sourceTree = "<group>";
		};
		A10000000000000000000033 /* Products */ = {
			isa = PBXGroup;
			children = (A10000000000000000000010 /* Bex.app */,);
			name = Products;
			sourceTree = "<group>";
		};
/* End PBXGroup section */

/* Begin PBXNativeTarget section */
		A10000000000000000000040 /* Bex */ = {
			isa = PBXNativeTarget;
			buildConfigurationList = A10000000000000000000041 /* Build configuration list for PBXNativeTarget "Bex" */;
			buildPhases = (
				A10000000000000000000020 /* Sources */,
				A10000000000000000000021 /* Frameworks */,
				A10000000000000000000022 /* Resources */,
			);
			buildRules = ();
			dependencies = ();
			packageProductDependencies = (C30000000000000000000002, );
            name = Bex;
			productName = Bex;
			productReference = A10000000000000000000010 /* Bex.app */;
			productType = "com.apple.product-type.application";
		};
/* End PBXNativeTarget section */

/* Begin XCRemoteSwiftPackageReference section */
        C30000000000000000000005 = {isa = XCRemoteSwiftPackageReference; repositoryURL = "https://github.com/migueldeicaza/SwiftTerm.git"; requirement = {kind = revision; revision = 233c6ba11aa9b2b9ffbd6b90467b079402f3c264; }; };
/* End XCRemoteSwiftPackageReference section */
/* Begin XCSwiftPackageProductDependency section */
        C30000000000000000000002 = {isa = XCSwiftPackageProductDependency; package = C30000000000000000000005; productName = SwiftTerm; };
/* End XCSwiftPackageProductDependency section */
/* Begin PBXProject section */
		A10000000000000000000050 /* Project object */ = {
			isa = PBXProject;
			attributes = {
				BuildIndependentTargetsInParallel = 1;
				LastUpgradeCheck = 2600;
				TargetAttributes = {
					A10000000000000000000040 = { CreatedOnToolsVersion = 26.0; };
				};
			};
			buildConfigurationList = A10000000000000000000051 /* Build configuration list for PBXProject "Bex" */;
			compatibilityVersion = "Xcode 14.0";
			developmentRegion = en;
			hasScannedForEncodings = 0;
			knownRegions = (en, Base);
			mainGroup = A10000000000000000000030;
			productRefGroup = A10000000000000000000033 /* Products */;
			projectDirPath = "";
			projectRoot = "";
            packageReferences = (C30000000000000000000005, );
			targets = (A10000000000000000000040 /* Bex */,);
		};
/* End PBXProject section */

/* Begin PBXContainerItemProxy section */
/* End PBXContainerItemProxy section */

/* Begin PBXTargetDependency section */
/* End PBXTargetDependency section */

/* Begin PBXResourcesBuildPhase section */
		A10000000000000000000022 /* Resources */ = {isa = PBXResourcesBuildPhase; buildActionMask = 2147483647; files = (F300000000000000000000012 /* dmsans_regular.ttf in Resources */, F300000000000000000000022 /* dmsans_medium.ttf in Resources */, F300000000000000000000032 /* dmsans_bold.ttf in Resources */, A10000000000000000000007 /* Assets.xcassets in Resources */, E50000000000000000000001 /* PrivacyInfo.xcprivacy in Resources */,); runOnlyForDeploymentPostprocessing = 0; };
/* End PBXResourcesBuildPhase section */

/* Begin PBXSourcesBuildPhase section */
		A10000000000000000000020 /* Sources */ = {
			isa = PBXSourcesBuildPhase;
			buildActionMask = 2147483647;
			files = (
				A10000000000000000000001 /* BexIOSApp.swift in Sources */,
				A10000000000000000000002 /* PlatformServices.swift in Sources */,
				A10000000000000000000003 /* QRCodeCaptureViewController.swift in Sources */,
				A10000000000000000000006 /* SwiftUIRoot.swift in Sources */,
				D9577A51AE685A04BA449953 /* ConversationComposer.swift in Sources */,
				B5EDE65C803E4BD5CE028DE5 /* AppPresentationData.swift in Sources */,
				FD93084AF1873DEF927C9EDC /* AppViewModel.swift in Sources */,
				C0DE00000000000000000103 /* AppViewActions.swift in Sources */,
				C0DE00000000000000000401 /* AgentSettings.swift in Sources */,
				C0DE00000000000000000202 /* AccountViews.swift in Sources */,
				D08EEED058A8C4FE92AA21E2 /* TaskList.swift in Sources */,
				0FF3408BDCB920A7C06397A8 /* WorktreeSettings.swift in Sources */,
				FD938C839188C56CFF5BE7A4 /* ConversationScreen.swift in Sources */,
                C30000000000000000000003 /* TerminalScreen.swift in Sources */,
                D36E8C890D10474EB83C8D37 /* WorkspaceScreen.swift in Sources */,
				F9897A4D00C8F44425414C1F /* ConversationRows.swift in Sources */,
				B2E000270000000000000001 /* ConversationRequest.swift in Sources */,
				FCD15282ED580E15F2FE6024 /* ConversationMarkdown.swift in Sources */,
				1AAD56B60A484823F27FC70F /* WorkspaceViews.swift in Sources */,
				CDA669EB182B4A27B3460556 /* WorkspaceFileEditor.swift in Sources */,
			);
			runOnlyForDeploymentPostprocessing = 0;
		};
/* End PBXSourcesBuildPhase section */

/* Begin XCBuildConfiguration section */
		A10000000000000000000060 /* Debug */ = {
			isa = XCBuildConfiguration;
			buildSettings = {
				ALWAYS_SEARCH_USER_PATHS = NO;
				CLANG_ENABLE_MODULES = YES;
				CLANG_ENABLE_OBJC_ARC = YES;
				IPHONEOS_DEPLOYMENT_TARGET = 26.0;
				SDKROOT = iphoneos;
			};
			name = Debug;
		};
		A10000000000000000000061 /* Release */ = {
			isa = XCBuildConfiguration;
			buildSettings = {
				ALWAYS_SEARCH_USER_PATHS = NO;
				CLANG_ENABLE_MODULES = YES;
				CLANG_ENABLE_OBJC_ARC = YES;
				IPHONEOS_DEPLOYMENT_TARGET = 26.0;
				SDKROOT = iphoneos;
			};
			name = Release;
		};
		A10000000000000000000062 /* Debug */ = {
			isa = XCBuildConfiguration;
			buildSettings = {
				ARCHS = arm64;
				BEX_CARGO_TARGET_DIR = "$(SRCROOT)/../../../target";
				CODE_SIGN_STYLE = Automatic;
				CURRENT_PROJECT_VERSION = 70;
				DEVELOPMENT_TEAM = K65K9J8686;
				"SWIFT_INCLUDE_PATHS[sdk=iphoneos*]" = "$(inherited) $(BEX_CARGO_TARGET_DIR)/aarch64-apple-ios/release $(SRCROOT)/../../../target/agent-bindings";
				"SWIFT_INCLUDE_PATHS[sdk=iphonesimulator*]" = "$(inherited) $(BEX_CARGO_TARGET_DIR)/aarch64-apple-ios-sim/release $(SRCROOT)/../../../target/agent-bindings";
				"LIBRARY_SEARCH_PATHS[sdk=iphoneos*]" = "$(inherited) $(BEX_CARGO_TARGET_DIR)/aarch64-apple-ios/release";
				"LIBRARY_SEARCH_PATHS[sdk=iphonesimulator*]" = "$(inherited) $(BEX_CARGO_TARGET_DIR)/aarch64-apple-ios-sim/release";
				GENERATE_INFOPLIST_FILE = NO;
				INFOPLIST_FILE = Bex/Info.plist;
				ASSETCATALOG_COMPILER_APPICON_NAME = AppIcon;
				LD_RUNPATH_SEARCH_PATHS = "$(inherited) @executable_path/Frameworks";
				MARKETING_VERSION = 1.0;
				"OTHER_LDFLAGS[sdk=iphoneos*]" = "$(inherited) $(BEX_CARGO_TARGET_DIR)/aarch64-apple-ios/release/libagent_ffi.a -lAgentCore -framework Security -framework SystemConfiguration";
				"OTHER_LDFLAGS[sdk=iphonesimulator*]" = "$(inherited) $(BEX_CARGO_TARGET_DIR)/aarch64-apple-ios-sim/release/libagent_ffi.a -lAgentCore -framework Security -framework SystemConfiguration";
				PRODUCT_BUNDLE_IDENTIFIER = com.ttizze.b-codex;
				PRODUCT_NAME = Bex;
				SUPPORTED_PLATFORMS = "iphonesimulator iphoneos";
				OTHER_SWIFT_FLAGS = "$(inherited) -Xcc -fmodule-map-file=$(SRCROOT)/../../../target/agent-bindings/AgentCoreFFI.modulemap";
				SWIFT_VERSION = 5.0;
				TARGETED_DEVICE_FAMILY = "1,2";
			};
			name = Debug;
		};
		A10000000000000000000063 /* Release */ = {
			isa = XCBuildConfiguration;
			buildSettings = {
				ARCHS = arm64;
				BEX_CARGO_TARGET_DIR = "$(SRCROOT)/../../../target";
				CODE_SIGN_STYLE = Automatic;
				CURRENT_PROJECT_VERSION = 70;
				DEVELOPMENT_TEAM = K65K9J8686;
				"SWIFT_INCLUDE_PATHS[sdk=iphoneos*]" = "$(inherited) $(BEX_CARGO_TARGET_DIR)/aarch64-apple-ios/release $(SRCROOT)/../../../target/agent-bindings";
				"SWIFT_INCLUDE_PATHS[sdk=iphonesimulator*]" = "$(inherited) $(BEX_CARGO_TARGET_DIR)/aarch64-apple-ios-sim/release $(SRCROOT)/../../../target/agent-bindings";
				"LIBRARY_SEARCH_PATHS[sdk=iphoneos*]" = "$(inherited) $(BEX_CARGO_TARGET_DIR)/aarch64-apple-ios/release";
				"LIBRARY_SEARCH_PATHS[sdk=iphonesimulator*]" = "$(inherited) $(BEX_CARGO_TARGET_DIR)/aarch64-apple-ios-sim/release";
				GENERATE_INFOPLIST_FILE = NO;
				INFOPLIST_FILE = Bex/Info.plist;
				ASSETCATALOG_COMPILER_APPICON_NAME = AppIcon;
				LD_RUNPATH_SEARCH_PATHS = "$(inherited) @executable_path/Frameworks";
				MARKETING_VERSION = 1.0;
				"OTHER_LDFLAGS[sdk=iphoneos*]" = "$(inherited) $(BEX_CARGO_TARGET_DIR)/aarch64-apple-ios/release/libagent_ffi.a -lAgentCore -framework Security -framework SystemConfiguration";
				"OTHER_LDFLAGS[sdk=iphonesimulator*]" = "$(inherited) $(BEX_CARGO_TARGET_DIR)/aarch64-apple-ios-sim/release/libagent_ffi.a -lAgentCore -framework Security -framework SystemConfiguration";
				PRODUCT_BUNDLE_IDENTIFIER = com.ttizze.b-codex;
				PRODUCT_NAME = Bex;
				SUPPORTED_PLATFORMS = "iphonesimulator iphoneos";
				OTHER_SWIFT_FLAGS = "$(inherited) -Xcc -fmodule-map-file=$(SRCROOT)/../../../target/agent-bindings/AgentCoreFFI.modulemap";
				SWIFT_VERSION = 5.0;
				TARGETED_DEVICE_FAMILY = "1,2";
			};
			name = Release;
		};
/* End XCBuildConfiguration section */

/* Begin XCConfigurationList section */
		A10000000000000000000041 /* Build configuration list for PBXNativeTarget "Bex" */ = {
			isa = XCConfigurationList;
			buildConfigurations = (A10000000000000000000062 /* Debug */, A10000000000000000000063 /* Release */);
			defaultConfigurationIsVisible = 0;
			defaultConfigurationName = Debug;
		};
		A10000000000000000000051 /* Build configuration list for PBXProject "Bex" */ = {
			isa = XCConfigurationList;
			buildConfigurations = (A10000000000000000000060 /* Debug */, A10000000000000000000061 /* Release */);
			defaultConfigurationIsVisible = 0;
			defaultConfigurationName = Debug;
		};
/* End XCConfigurationList section */
	};
	rootObject = A10000000000000000000050 /* Project object */;
}
